{
  "originHash" : "2174eaf93f622d57be865cd78b51b72620c12528f1f0957292620977c4d69891",
  "pins" : [
    {
      "identity" : "realm-core",
      "kind" : "remoteSourceControl",
      "location" : "https://github.com/realm/realm-core.git",
      "state" : {
        "revision" : "c2552e1d36867cb42b28130e894a81fc17081062",
        "version" : "14.12.0"
      }
    },
    {
      "identity" : "realm-swift",
      "kind" : "remoteSourceControl",
      "location" : "https://github.com/realm/realm-swift",
      "state" : {
        "branch" : "master",
        "revision" : "9eeb64beb9142cd2c7dc144713213bee99c791f6"
      }
    }
  ],
  "version" : 3
}
