// !$*UTF8*$!
{
	archiveVersion = 1;
	classes = {
	};
	objectVersion = 56;
	objects = {

/* Begin PBXBuildFile section */
		184A58A92C69ED3D009F2848 /* Pretendard-Medium.otf in Resources */ = {isa = PBXBuildFile; fileRef = 184A58A02C69ED3D009F2848 /* Pretendard-Medium.otf */; };
		184A58AA2C69ED3D009F2848 /* Pretendard-Bold.otf in Resources */ = {isa = PBXBuildFile; fileRef = 184A58A12C69ED3D009F2848 /* Pretendard-Bold.otf */; };
		184A58AB2C69ED3D009F2848 /* Pretendard-Thin.otf in Resources */ = {isa = PBXBuildFile; fileRef = 184A58A22C69ED3D009F2848 /* Pretendard-Thin.otf */; };
		184A58AC2C69ED3D009F2848 /* Pretendard-Regular.otf in Resources */ = {isa = PBXBuildFile; fileRef = 184A58A32C69ED3D009F2848 /* Pretendard-Regular.otf */; };
		184A58AD2C69ED3D009F2848 /* Pretendard-SemiBold.otf in Resources */ = {isa = PBXBuildFile; fileRef = 184A58A42C69ED3D009F2848 /* Pretendard-SemiBold.otf */; };
		184A58AE2C69ED3D009F2848 /* Pretendard-Black.otf in Resources */ = {isa = PBXBuildFile; fileRef = 184A58A52C69ED3D009F2848 /* Pretendard-Black.otf */; };
		184A58AF2C69ED3D009F2848 /* Pretendard-Light.otf in Resources */ = {isa = PBXBuildFile; fileRef = 184A58A62C69ED3D009F2848 /* Pretendard-Light.otf */; };
		184A58B02C69ED3D009F2848 /* Pretendard-ExtraLight.otf in Resources */ = {isa = PBXBuildFile; fileRef = 184A58A72C69ED3D009F2848 /* Pretendard-ExtraLight.otf */; };
		184A58B12C69ED3D009F2848 /* Pretendard-ExtraBold.otf in Resources */ = {isa = PBXBuildFile; fileRef = 184A58A82C69ED3D009F2848 /* Pretendard-ExtraBold.otf */; };
		184A58B32C6A3409009F2848 /* ExercisesViewController.swift in Sources */ = {isa = PBXBuildFile; fileRef = 184A58B22C6A3409009F2848 /* ExercisesViewController.swift */; };
		184A58B52C6A3CEA009F2848 /* ExerciseCheckCell.swift in Sources */ = {isa = PBXBuildFile; fileRef = 184A58B42C6A3CEA009F2848 /* ExerciseCheckCell.swift */; };
		184A58B72C6B28C9009F2848 /* ExerciseRecordViewController.swift in Sources */ = {isa = PBXBuildFile; fileRef = 184A58B62C6B28C9009F2848 /* ExerciseRecordViewController.swift */; };
		184A58B92C6B28DD009F2848 /* WeightRecordViewController.swift in Sources */ = {isa = PBXBuildFile; fileRef = 184A58B82C6B28DD009F2848 /* WeightRecordViewController.swift */; };
		184A58BD2C6BA63C009F2848 /* TotalNumberPerBodyPartTableViewCell.swift in Sources */ = {isa = PBXBuildFile; fileRef = 184A58BC2C6BA63C009F2848 /* TotalNumberPerBodyPartTableViewCell.swift */; };
		184A58C12C6C8521009F2848 /* SectionTitleTableViewCell.swift in Sources */ = {isa = PBXBuildFile; fileRef = 184A58C02C6C8521009F2848 /* SectionTitleTableViewCell.swift */; };
		184A58C32C6C88D0009F2848 /* MostPerformedTableViewCell.swift in Sources */ = {isa = PBXBuildFile; fileRef = 184A58C22C6C88D0009F2848 /* MostPerformedTableViewCell.swift */; };
		184A58C52C6CFDC0009F2848 /* MostChangedTableViewCell.swift in Sources */ = {isa = PBXBuildFile; fileRef = 184A58C42C6CFDC0009F2848 /* MostChangedTableViewCell.swift */; };
		185960BC2C89FB3C00ADED87 /* MonthPickerViewController.swift in Sources */ = {isa = PBXBuildFile; fileRef = 185960BB2C89FB3C00ADED87 /* MonthPickerViewController.swift */; };
		186301E22C73313900CA32AA /* MuscleImageTableViewCell.swift in Sources */ = {isa = PBXBuildFile; fileRef = 186301E12C73313900CA32AA /* MuscleImageTableViewCell.swift */; };
		189401342C528B2000533E0A /* AppDelegate.swift in Sources */ = {isa = PBXBuildFile; fileRef = 189401332C528B2000533E0A /* AppDelegate.swift */; };
		189401362C528B2000533E0A /* SceneDelegate.swift in Sources */ = {isa = PBXBuildFile; fileRef = 189401352C528B2000533E0A /* SceneDelegate.swift */; };
		1894013D2C528B2100533E0A /* Assets.xcassets in Resources */ = {isa = PBXBuildFile; fileRef = 1894013C2C528B2100533E0A /* Assets.xcassets */; };
		18949EF02C82F8670068112A /* InfoBoxView.swift in Sources */ = {isa = PBXBuildFile; fileRef = 18949EEF2C82F8670068112A /* InfoBoxView.swift */; };
		18949F342C86A14A0068112A /* ReportsViewModel.swift in Sources */ = {isa = PBXBuildFile; fileRef = 18949F332C86A14A0068112A /* ReportsViewModel.swift */; };
		18CFC4A52C8F572700FB9D12 /* MyInfomationViewController.swift in Sources */ = {isa = PBXBuildFile; fileRef = 18CFC4A42C8F572700FB9D12 /* MyInfomationViewController.swift */; };
		18CFC4A72C8F5A9D00FB9D12 /* UserInfoView.swift in Sources */ = {isa = PBXBuildFile; fileRef = 18CFC4A62C8F5A9D00FB9D12 /* UserInfoView.swift */; };
		18CFC4A92C8F620900FB9D12 /* MyInfomationViewModel.swift in Sources */ = {isa = PBXBuildFile; fileRef = 18CFC4A82C8F620900FB9D12 /* MyInfomationViewModel.swift */; };
		18CFC4AD2C900C5600FB9D12 /* SectionSubtitleTableViewCell.swift in Sources */ = {isa = PBXBuildFile; fileRef = 18CFC4AC2C900C5600FB9D12 /* SectionSubtitleTableViewCell.swift */; };
		18D991242C7C1ACE0007F115 /* MuscleImageView.swift in Sources */ = {isa = PBXBuildFile; fileRef = 18D991232C7C1ACE0007F115 /* MuscleImageView.swift */; };
		18D991252C7C1FEA0007F115 /* ReportBodyPartData.swift in Sources */ = {isa = PBXBuildFile; fileRef = CEE8BC672C65B43500E1D94F /* ReportBodyPartData.swift */; };
		18D991272C7DA7D40007F115 /* NoDataTableViewCell.swift in Sources */ = {isa = PBXBuildFile; fileRef = 18D991262C7DA7D40007F115 /* NoDataTableViewCell.swift */; };
		18F4F30B2C7EFBBB00F2006C /* InBodyChartView.swift in Sources */ = {isa = PBXBuildFile; fileRef = 18F4F30A2C7EFBBB00F2006C /* InBodyChartView.swift */; };
		18F4F30D2C802E0B00F2006C /* InBodyChartViewModel.swift in Sources */ = {isa = PBXBuildFile; fileRef = 18F4F30C2C802E0B00F2006C /* InBodyChartViewModel.swift */; };
		3C8CD5882C731AB90025B059 /* EditScheduleExerciseViewController.swift in Sources */ = {isa = PBXBuildFile; fileRef = 3C8CD5872C731AB90025B059 /* EditScheduleExerciseViewController.swift */; };
		3C8CD58A2C7418920025B059 /* SaveRoutineViewController.swift in Sources */ = {isa = PBXBuildFile; fileRef = 3C8CD5892C7418920025B059 /* SaveRoutineViewController.swift */; };
		3CD063C72C7FF80900EBCAB8 /* Extension+UITabBarController.swift in Sources */ = {isa = PBXBuildFile; fileRef = 3CD063C62C7FF80900EBCAB8 /* Extension+UITabBarController.swift */; };
		4B16457B2C69E482008B09C9 /* RoutineAddNameViewController.swift in Sources */ = {isa = PBXBuildFile; fileRef = 4B16457A2C69E482008B09C9 /* RoutineAddNameViewController.swift */; };
		4B2A2A2C2C7F0880007F5F55 /* RoutineDetailViewController.swift in Sources */ = {isa = PBXBuildFile; fileRef = 4B2A2A2B2C7F0880007F5F55 /* RoutineDetailViewController.swift */; };
		4B2A2A2E2C7F0B5C007F5F55 /* RoutineDetailViewCell.swift in Sources */ = {isa = PBXBuildFile; fileRef = 4B2A2A2D2C7F0B5C007F5F55 /* RoutineDetailViewCell.swift */; };
		4B2A2A302C7F0E8E007F5F55 /* RoutineDetailHeaderView.swift in Sources */ = {isa = PBXBuildFile; fileRef = 4B2A2A2F2C7F0E8E007F5F55 /* RoutineDetailHeaderView.swift */; };
		4B2A2A322C800FC3007F5F55 /* RoutineDetailFooterView.swift in Sources */ = {isa = PBXBuildFile; fileRef = 4B2A2A312C800FC3007F5F55 /* RoutineDetailFooterView.swift */; };
		4B2A2A342C804E31007F5F55 /* RoutineEditViewController.swift in Sources */ = {isa = PBXBuildFile; fileRef = 4B2A2A332C804E31007F5F55 /* RoutineEditViewController.swift */; };
		4B403D072C8B3450004961B9 /* RoutineEditNameTableViewCell.swift in Sources */ = {isa = PBXBuildFile; fileRef = 4B403D062C8B3450004961B9 /* RoutineEditNameTableViewCell.swift */; };
		4B403D092C8B3B99004961B9 /* RoutineEditHeader.swift in Sources */ = {isa = PBXBuildFile; fileRef = 4B403D082C8B3B99004961B9 /* RoutineEditHeader.swift */; };
		4B7D55292C857D320079B170 /* DeleteButtonCell.swift in Sources */ = {isa = PBXBuildFile; fileRef = 4B7D55282C857D320079B170 /* DeleteButtonCell.swift */; };
		4B89D35C2C6AEBC30094C852 /* Extension+UINavigationController.swift in Sources */ = {isa = PBXBuildFile; fileRef = 4B89D35B2C6AEBC30094C852 /* Extension+UINavigationController.swift */; };
		4B89D3602C6B27110094C852 /* Extension+UIFont.swift in Sources */ = {isa = PBXBuildFile; fileRef = 4B89D35F2C6B27110094C852 /* Extension+UIFont.swift */; };
		4B89D3622C6B35AE0094C852 /* RoutineAddExerciseViewController.swift in Sources */ = {isa = PBXBuildFile; fileRef = 4B89D3612C6B35AE0094C852 /* RoutineAddExerciseViewController.swift */; };
		4B89D3642C6C6C180094C852 /* RoutineSearchResultCell.swift in Sources */ = {isa = PBXBuildFile; fileRef = 4B89D3632C6C6C180094C852 /* RoutineSearchResultCell.swift */; };
		4B8D65DD2C7B5C9700B8AFA0 /* SetDividerFooterView.swift in Sources */ = {isa = PBXBuildFile; fileRef = 4B8D65DC2C7B5C9700B8AFA0 /* SetDividerFooterView.swift */; };
		4B8D65DF2C7D63D700B8AFA0 /* RoutineCell.swift in Sources */ = {isa = PBXBuildFile; fileRef = 4B8D65DE2C7D63D700B8AFA0 /* RoutineCell.swift */; };
		4B911CFA2C741F770032F438 /* RoutineSearchResultsViewController.swift in Sources */ = {isa = PBXBuildFile; fileRef = 4B911CF92C741F770032F438 /* RoutineSearchResultsViewController.swift */; };
		4B911CFC2C746DBB0032F438 /* RoutineViewModel.swift in Sources */ = {isa = PBXBuildFile; fileRef = 4B911CFB2C746DBB0032F438 /* RoutineViewModel.swift */; };
		4BC4350B2C82FB6900D15717 /* RoutineAddViewModel.swift in Sources */ = {isa = PBXBuildFile; fileRef = 4BC4350A2C82FB6900D15717 /* RoutineAddViewModel.swift */; };
		4BC4350D2C830C8700D15717 /* RoutineEditViewModel.swift in Sources */ = {isa = PBXBuildFile; fileRef = 4BC4350C2C830C8700D15717 /* RoutineEditViewModel.swift */; };
		4BE243C12C76D66800FD2BA5 /* SetCell.swift in Sources */ = {isa = PBXBuildFile; fileRef = 4BE243C02C76D66800FD2BA5 /* SetCell.swift */; };
		4BE243C52C78642E00FD2BA5 /* SetCountHeaderView.swift in Sources */ = {isa = PBXBuildFile; fileRef = 4BE243C42C78642E00FD2BA5 /* SetCountHeaderView.swift */; };
		75187B4C2C6C887400B9F84A /* RealmSwift in Frameworks */ = {isa = PBXBuildFile; productRef = 75187B4B2C6C887400B9F84A /* RealmSwift */; };
		7566B3212C69AC9800BDF142 /* AddScheduleViewController.swift in Sources */ = {isa = PBXBuildFile; fileRef = 7566B3202C69AC9800BDF142 /* AddScheduleViewController.swift */; };
		7566B3262C69C4E300BDF142 /* RoutinesViewController.swift in Sources */ = {isa = PBXBuildFile; fileRef = 7566B3222C69C4E300BDF142 /* RoutinesViewController.swift */; };
		7566B3272C69C4E300BDF142 /* ReportsViewController.swift in Sources */ = {isa = PBXBuildFile; fileRef = 7566B3232C69C4E300BDF142 /* ReportsViewController.swift */; };
		7566B3292C69C4E300BDF142 /* ScheduleViewController.swift in Sources */ = {isa = PBXBuildFile; fileRef = 7566B3252C69C4E300BDF142 /* ScheduleViewController.swift */; };
		756E39192C74755D00EDDBC6 /* AddScheduleViewModel.swift in Sources */ = {isa = PBXBuildFile; fileRef = 756E39182C74755D00EDDBC6 /* AddScheduleViewModel.swift */; };
		7573384B2C7EE1CF00AB05B2 /* GetRoutineViewController.swift in Sources */ = {isa = PBXBuildFile; fileRef = 7573384A2C7EE1CF00AB05B2 /* GetRoutineViewController.swift */; };
		7573384D2C7EE35900AB05B2 /* GetRoutineCell.swift in Sources */ = {isa = PBXBuildFile; fileRef = 7573384C2C7EE35900AB05B2 /* GetRoutineCell.swift */; };
		7590BFFF2C69EC9D004CB285 /* SearchResultsViewController.swift in Sources */ = {isa = PBXBuildFile; fileRef = 7590BFFE2C69EC9D004CB285 /* SearchResultsViewController.swift */; };
		7590C0012C69FE05004CB285 /* SearchResultCell.swift in Sources */ = {isa = PBXBuildFile; fileRef = 7590C0002C69FE05004CB285 /* SearchResultCell.swift */; };
		7590C0032C6AF69B004CB285 /* SelectedExerciseCell.swift in Sources */ = {isa = PBXBuildFile; fileRef = 7590C0022C6AF69B004CB285 /* SelectedExerciseCell.swift */; };
		75D9AF702C901DE500B2DFBB /* FSCalendar in Frameworks */ = {isa = PBXBuildFile; productRef = 75D9AF6F2C901DE500B2DFBB /* FSCalendar */; };
		75D9AF722C90312C00B2DFBB /* CalendarPickerViewController.swift in Sources */ = {isa = PBXBuildFile; fileRef = 75D9AF712C90312C00B2DFBB /* CalendarPickerViewController.swift */; };
		75F636212C6C89AB00A9B2E4 /* RealmSwift in Embed Frameworks */ = {isa = PBXBuildFile; productRef = 75187B4B2C6C887400B9F84A /* RealmSwift */; settings = {ATTRIBUTES = (CodeSignOnCopy, ); }; };
		8D0B39912C7F6B7A004C4863 /* LaunchScreen.storyboard in Resources */ = {isa = PBXBuildFile; fileRef = 1894013E2C528B2100533E0A /* LaunchScreen.storyboard */; };
		8D0CA37F2C781B9700727F18 /* WeightRecordModalViewController.swift in Sources */ = {isa = PBXBuildFile; fileRef = 8D0CA37E2C781B9700727F18 /* WeightRecordModalViewController.swift */; };
		CE1609E52C8AF5B900017D18 /* ExerciseData.csv in Resources */ = {isa = PBXBuildFile; fileRef = CE1609E42C8AF5B900017D18 /* ExerciseData.csv */; };
		CE47791A2C76C96100F6DE74 /* ExercisesDetailViewController.swift in Sources */ = {isa = PBXBuildFile; fileRef = CE4779192C76C96100F6DE74 /* ExercisesDetailViewController.swift */; };
		CE47791C2C76CC1200F6DE74 /* ExerciseDetailViewModel.swift in Sources */ = {isa = PBXBuildFile; fileRef = CE47791B2C76CC1200F6DE74 /* ExerciseDetailViewModel.swift */; };
		CE47791E2C777CE000F6DE74 /* SearchBodyPartStackView.swift in Sources */ = {isa = PBXBuildFile; fileRef = CE47791D2C777CDF00F6DE74 /* SearchBodyPartStackView.swift */; };
		CE4779202C777F2800F6DE74 /* SearchBodyPartButton.swift in Sources */ = {isa = PBXBuildFile; fileRef = CE47791F2C777F2800F6DE74 /* SearchBodyPartButton.swift */; };
		CE4779222C7A284500F6DE74 /* ExerciseEntryViewModel.swift in Sources */ = {isa = PBXBuildFile; fileRef = CE4779212C7A284500F6DE74 /* ExerciseEntryViewModel.swift */; };
		CE75B9D02C85770900F95008 /* ExerciseCalculateViewModel.swift in Sources */ = {isa = PBXBuildFile; fileRef = CE75B9CF2C85770900F95008 /* ExerciseCalculateViewModel.swift */; };
		CEA171B82C7DA311000EB11A /* FunctionInfoPrint.swift in Sources */ = {isa = PBXBuildFile; fileRef = CEA171B72C7DA311000EB11A /* FunctionInfoPrint.swift */; };
		CEA171BC2C7EF158000EB11A /* entryExercise.swift in Sources */ = {isa = PBXBuildFile; fileRef = CEA171BB2C7EF158000EB11A /* entryExercise.swift */; };
		CEE29B8A2C69950900D82571 /* ScheduleViewModel.swift in Sources */ = {isa = PBXBuildFile; fileRef = CEE29B892C69950900D82571 /* ScheduleViewModel.swift */; };
		CEE29B912C69A22E00D82571 /* ExerciseViewModel.swift in Sources */ = {isa = PBXBuildFile; fileRef = CEE29B902C69A22E00D82571 /* ExerciseViewModel.swift */; };
		CEE29B952C69A90B00D82571 /* RealmManager.swift in Sources */ = {isa = PBXBuildFile; fileRef = CEE29B942C69A90B00D82571 /* RealmManager.swift */; };
		CEE29BA02C69DCE000D82571 /* ExercisesListCell.swift in Sources */ = {isa = PBXBuildFile; fileRef = CEE29B9F2C69DCE000D82571 /* ExercisesListCell.swift */; };
		CEE29BA22C69F65400D82571 /* CustomBodyPartLabel.swift in Sources */ = {isa = PBXBuildFile; fileRef = CEE29BA12C69F65400D82571 /* CustomBodyPartLabel.swift */; };
		CEE29BA42C6A01F100D82571 /* TempViewController.swift in Sources */ = {isa = PBXBuildFile; fileRef = CEE29BA32C6A01F100D82571 /* TempViewController.swift */; };
		CEE8BC3B2C65ACD300E1D94F /* BodyPart.swift in Sources */ = {isa = PBXBuildFile; fileRef = CEE8BC3A2C65ACD300E1D94F /* BodyPart.swift */; };
		CEE8BC622C65B1B800E1D94F /* Exercise.swift in Sources */ = {isa = PBXBuildFile; fileRef = CEE8BC612C65B1B800E1D94F /* Exercise.swift */; };
		CEE8BC642C65B25B00E1D94F /* Routine.swift in Sources */ = {isa = PBXBuildFile; fileRef = CEE8BC632C65B25B00E1D94F /* Routine.swift */; };
		CEE8BC662C65B3EB00E1D94F /* Schedule.swift in Sources */ = {isa = PBXBuildFile; fileRef = CEE8BC652C65B3EB00E1D94F /* Schedule.swift */; };
		CEE8BC6A2C65B45100E1D94F /* InBody.swift in Sources */ = {isa = PBXBuildFile; fileRef = CEE8BC692C65B45100E1D94F /* InBody.swift */; };
		CEE918AA2C6FAA6500B8DEF7 /* ExercisesEntryViewController.swift in Sources */ = {isa = PBXBuildFile; fileRef = CEE918A92C6FAA6500B8DEF7 /* ExercisesEntryViewController.swift */; };
		CEE918AE2C741B9D00B8DEF7 /* InputBodyPartButton.swift in Sources */ = {isa = PBXBuildFile; fileRef = CEE918AD2C741B9D00B8DEF7 /* InputBodyPartButton.swift */; };
		CEE918B22C745E4A00B8DEF7 /* InputBodyPartButtonStackView.swift in Sources */ = {isa = PBXBuildFile; fileRef = CEE918B12C745E4A00B8DEF7 /* InputBodyPartButtonStackView.swift */; };
/* End PBXBuildFile section */

/* Begin PBXCopyFilesBuildPhase section */
		7590C0052C6AF94C004CB285 /* Embed Frameworks */ = {
			isa = PBXCopyFilesBuildPhase;
			buildActionMask = 2147483647;
			dstPath = "";
			dstSubfolderSpec = 10;
			files = (
				75F636212C6C89AB00A9B2E4 /* RealmSwift in Embed Frameworks */,
			);
			name = "Embed Frameworks";
			runOnlyForDeploymentPostprocessing = 0;
		};
/* End PBXCopyFilesBuildPhase section */

/* Begin PBXFileReference section */
		184A58A02C69ED3D009F2848 /* Pretendard-Medium.otf */ = {isa = PBXFileReference; lastKnownFileType = file; path = "Pretendard-Medium.otf"; sourceTree = "<group>"; };
		184A58A12C69ED3D009F2848 /* Pretendard-Bold.otf */ = {isa = PBXFileReference; lastKnownFileType = file; path = "Pretendard-Bold.otf"; sourceTree = "<group>"; };
		184A58A22C69ED3D009F2848 /* Pretendard-Thin.otf */ = {isa = PBXFileReference; lastKnownFileType = file; path = "Pretendard-Thin.otf"; sourceTree = "<group>"; };
		184A58A32C69ED3D009F2848 /* Pretendard-Regular.otf */ = {isa = PBXFileReference; lastKnownFileType = file; path = "Pretendard-Regular.otf"; sourceTree = "<group>"; };
		184A58A42C69ED3D009F2848 /* Pretendard-SemiBold.otf */ = {isa = PBXFileReference; lastKnownFileType = file; path = "Pretendard-SemiBold.otf"; sourceTree = "<group>"; };
		184A58A52C69ED3D009F2848 /* Pretendard-Black.otf */ = {isa = PBXFileReference; lastKnownFileType = file; path = "Pretendard-Black.otf"; sourceTree = "<group>"; };
		184A58A62C69ED3D009F2848 /* Pretendard-Light.otf */ = {isa = PBXFileReference; lastKnownFileType = file; path = "Pretendard-Light.otf"; sourceTree = "<group>"; };
		184A58A72C69ED3D009F2848 /* Pretendard-ExtraLight.otf */ = {isa = PBXFileReference; lastKnownFileType = file; path = "Pretendard-ExtraLight.otf"; sourceTree = "<group>"; };
		184A58A82C69ED3D009F2848 /* Pretendard-ExtraBold.otf */ = {isa = PBXFileReference; lastKnownFileType = file; path = "Pretendard-ExtraBold.otf"; sourceTree = "<group>"; };
		184A58B22C6A3409009F2848 /* ExercisesViewController.swift */ = {isa = PBXFileReference; fileEncoding = 4; lastKnownFileType = sourcecode.swift; path = ExercisesViewController.swift; sourceTree = "<group>"; };
		184A58B42C6A3CEA009F2848 /* ExerciseCheckCell.swift */ = {isa = PBXFileReference; fileEncoding = 4; lastKnownFileType = sourcecode.swift; path = ExerciseCheckCell.swift; sourceTree = "<group>"; };
		184A58B62C6B28C9009F2848 /* ExerciseRecordViewController.swift */ = {isa = PBXFileReference; lastKnownFileType = sourcecode.swift; path = ExerciseRecordViewController.swift; sourceTree = "<group>"; };
		184A58B82C6B28DD009F2848 /* WeightRecordViewController.swift */ = {isa = PBXFileReference; lastKnownFileType = sourcecode.swift; path = WeightRecordViewController.swift; sourceTree = "<group>"; };
		184A58BC2C6BA63C009F2848 /* TotalNumberPerBodyPartTableViewCell.swift */ = {isa = PBXFileReference; lastKnownFileType = sourcecode.swift; path = TotalNumberPerBodyPartTableViewCell.swift; sourceTree = "<group>"; };
		184A58C02C6C8521009F2848 /* SectionTitleTableViewCell.swift */ = {isa = PBXFileReference; lastKnownFileType = sourcecode.swift; path = SectionTitleTableViewCell.swift; sourceTree = "<group>"; };
		184A58C22C6C88D0009F2848 /* MostPerformedTableViewCell.swift */ = {isa = PBXFileReference; lastKnownFileType = sourcecode.swift; path = MostPerformedTableViewCell.swift; sourceTree = "<group>"; };
		184A58C42C6CFDC0009F2848 /* MostChangedTableViewCell.swift */ = {isa = PBXFileReference; lastKnownFileType = sourcecode.swift; path = MostChangedTableViewCell.swift; sourceTree = "<group>"; };
		185960BB2C89FB3C00ADED87 /* MonthPickerViewController.swift */ = {isa = PBXFileReference; lastKnownFileType = sourcecode.swift; path = MonthPickerViewController.swift; sourceTree = "<group>"; };
		186301E12C73313900CA32AA /* MuscleImageTableViewCell.swift */ = {isa = PBXFileReference; lastKnownFileType = sourcecode.swift; path = MuscleImageTableViewCell.swift; sourceTree = "<group>"; };
		189401302C528B2000533E0A /* HealthLog.app */ = {isa = PBXFileReference; explicitFileType = wrapper.application; includeInIndex = 0; path = HealthLog.app; sourceTree = BUILT_PRODUCTS_DIR; };
		189401332C528B2000533E0A /* AppDelegate.swift */ = {isa = PBXFileReference; lastKnownFileType = sourcecode.swift; path = AppDelegate.swift; sourceTree = "<group>"; };
		189401352C528B2000533E0A /* SceneDelegate.swift */ = {isa = PBXFileReference; lastKnownFileType = sourcecode.swift; path = SceneDelegate.swift; sourceTree = "<group>"; };
		1894013C2C528B2100533E0A /* Assets.xcassets */ = {isa = PBXFileReference; lastKnownFileType = folder.assetcatalog; path = Assets.xcassets; sourceTree = "<group>"; };
		1894013F2C528B2100533E0A /* Base */ = {isa = PBXFileReference; lastKnownFileType = file.storyboard; name = Base; path = Base.lproj/LaunchScreen.storyboard; sourceTree = "<group>"; };
		189401412C528B2100533E0A /* Info.plist */ = {isa = PBXFileReference; lastKnownFileType = text.plist.xml; path = Info.plist; sourceTree = "<group>"; };
		18949EEF2C82F8670068112A /* InfoBoxView.swift */ = {isa = PBXFileReference; lastKnownFileType = sourcecode.swift; path = InfoBoxView.swift; sourceTree = "<group>"; };
		18949F332C86A14A0068112A /* ReportsViewModel.swift */ = {isa = PBXFileReference; lastKnownFileType = sourcecode.swift; path = ReportsViewModel.swift; sourceTree = "<group>"; };
		18CFC4A42C8F572700FB9D12 /* MyInfomationViewController.swift */ = {isa = PBXFileReference; lastKnownFileType = sourcecode.swift; path = MyInfomationViewController.swift; sourceTree = "<group>"; };
		18CFC4A62C8F5A9D00FB9D12 /* UserInfoView.swift */ = {isa = PBXFileReference; lastKnownFileType = sourcecode.swift; path = UserInfoView.swift; sourceTree = "<group>"; };
		18CFC4A82C8F620900FB9D12 /* MyInfomationViewModel.swift */ = {isa = PBXFileReference; lastKnownFileType = sourcecode.swift; path = MyInfomationViewModel.swift; sourceTree = "<group>"; };
		18CFC4AC2C900C5600FB9D12 /* SectionSubtitleTableViewCell.swift */ = {isa = PBXFileReference; lastKnownFileType = sourcecode.swift; path = SectionSubtitleTableViewCell.swift; sourceTree = "<group>"; };
		18D991232C7C1ACE0007F115 /* MuscleImageView.swift */ = {isa = PBXFileReference; lastKnownFileType = sourcecode.swift; path = MuscleImageView.swift; sourceTree = "<group>"; };
		18D991262C7DA7D40007F115 /* NoDataTableViewCell.swift */ = {isa = PBXFileReference; lastKnownFileType = sourcecode.swift; path = NoDataTableViewCell.swift; sourceTree = "<group>"; };
		18F4F30A2C7EFBBB00F2006C /* InBodyChartView.swift */ = {isa = PBXFileReference; lastKnownFileType = sourcecode.swift; path = InBodyChartView.swift; sourceTree = "<group>"; };
		18F4F30C2C802E0B00F2006C /* InBodyChartViewModel.swift */ = {isa = PBXFileReference; lastKnownFileType = sourcecode.swift; path = InBodyChartViewModel.swift; sourceTree = "<group>"; };
		3C8CD5872C731AB90025B059 /* EditScheduleExerciseViewController.swift */ = {isa = PBXFileReference; lastKnownFileType = sourcecode.swift; path = EditScheduleExerciseViewController.swift; sourceTree = "<group>"; };
		3C8CD5892C7418920025B059 /* SaveRoutineViewController.swift */ = {isa = PBXFileReference; lastKnownFileType = sourcecode.swift; path = SaveRoutineViewController.swift; sourceTree = "<group>"; };
		3CD063C62C7FF80900EBCAB8 /* Extension+UITabBarController.swift */ = {isa = PBXFileReference; lastKnownFileType = sourcecode.swift; path = "Extension+UITabBarController.swift"; sourceTree = "<group>"; };
		4B16457A2C69E482008B09C9 /* RoutineAddNameViewController.swift */ = {isa = PBXFileReference; lastKnownFileType = sourcecode.swift; path = RoutineAddNameViewController.swift; sourceTree = "<group>"; };
		4B2A2A2B2C7F0880007F5F55 /* RoutineDetailViewController.swift */ = {isa = PBXFileReference; lastKnownFileType = sourcecode.swift; path = RoutineDetailViewController.swift; sourceTree = "<group>"; };
		4B2A2A2D2C7F0B5C007F5F55 /* RoutineDetailViewCell.swift */ = {isa = PBXFileReference; lastKnownFileType = sourcecode.swift; path = RoutineDetailViewCell.swift; sourceTree = "<group>"; };
		4B2A2A2F2C7F0E8E007F5F55 /* RoutineDetailHeaderView.swift */ = {isa = PBXFileReference; lastKnownFileType = sourcecode.swift; path = RoutineDetailHeaderView.swift; sourceTree = "<group>"; };
		4B2A2A312C800FC3007F5F55 /* RoutineDetailFooterView.swift */ = {isa = PBXFileReference; lastKnownFileType = sourcecode.swift; path = RoutineDetailFooterView.swift; sourceTree = "<group>"; };
		4B2A2A332C804E31007F5F55 /* RoutineEditViewController.swift */ = {isa = PBXFileReference; lastKnownFileType = sourcecode.swift; path = RoutineEditViewController.swift; sourceTree = "<group>"; };
		4B403D062C8B3450004961B9 /* RoutineEditNameTableViewCell.swift */ = {isa = PBXFileReference; lastKnownFileType = sourcecode.swift; path = RoutineEditNameTableViewCell.swift; sourceTree = "<group>"; };
		4B403D082C8B3B99004961B9 /* RoutineEditHeader.swift */ = {isa = PBXFileReference; lastKnownFileType = sourcecode.swift; path = RoutineEditHeader.swift; sourceTree = "<group>"; };
		4B7D55282C857D320079B170 /* DeleteButtonCell.swift */ = {isa = PBXFileReference; lastKnownFileType = sourcecode.swift; path = DeleteButtonCell.swift; sourceTree = "<group>"; };
		4B89D35B2C6AEBC30094C852 /* Extension+UINavigationController.swift */ = {isa = PBXFileReference; lastKnownFileType = sourcecode.swift; name = "Extension+UINavigationController.swift"; path = "HealthLog/View/Extension/Extension+UINavigationController.swift"; sourceTree = SOURCE_ROOT; };
		4B89D35F2C6B27110094C852 /* Extension+UIFont.swift */ = {isa = PBXFileReference; lastKnownFileType = sourcecode.swift; path = "Extension+UIFont.swift"; sourceTree = "<group>"; };
		4B89D3612C6B35AE0094C852 /* RoutineAddExerciseViewController.swift */ = {isa = PBXFileReference; lastKnownFileType = sourcecode.swift; path = RoutineAddExerciseViewController.swift; sourceTree = "<group>"; };
		4B89D3632C6C6C180094C852 /* RoutineSearchResultCell.swift */ = {isa = PBXFileReference; lastKnownFileType = sourcecode.swift; path = RoutineSearchResultCell.swift; sourceTree = "<group>"; };
		4B8D65DC2C7B5C9700B8AFA0 /* SetDividerFooterView.swift */ = {isa = PBXFileReference; lastKnownFileType = sourcecode.swift; path = SetDividerFooterView.swift; sourceTree = "<group>"; };
		4B8D65DE2C7D63D700B8AFA0 /* RoutineCell.swift */ = {isa = PBXFileReference; lastKnownFileType = sourcecode.swift; path = RoutineCell.swift; sourceTree = "<group>"; };
		4B911CF92C741F770032F438 /* RoutineSearchResultsViewController.swift */ = {isa = PBXFileReference; lastKnownFileType = sourcecode.swift; path = RoutineSearchResultsViewController.swift; sourceTree = "<group>"; };
		4B911CFB2C746DBB0032F438 /* RoutineViewModel.swift */ = {isa = PBXFileReference; lastKnownFileType = sourcecode.swift; path = RoutineViewModel.swift; sourceTree = "<group>"; };
		4BC4350A2C82FB6900D15717 /* RoutineAddViewModel.swift */ = {isa = PBXFileReference; lastKnownFileType = sourcecode.swift; path = RoutineAddViewModel.swift; sourceTree = "<group>"; };
		4BC4350C2C830C8700D15717 /* RoutineEditViewModel.swift */ = {isa = PBXFileReference; lastKnownFileType = sourcecode.swift; path = RoutineEditViewModel.swift; sourceTree = "<group>"; };
		4BE243C02C76D66800FD2BA5 /* SetCell.swift */ = {isa = PBXFileReference; lastKnownFileType = sourcecode.swift; path = SetCell.swift; sourceTree = "<group>"; };
		4BE243C42C78642E00FD2BA5 /* SetCountHeaderView.swift */ = {isa = PBXFileReference; lastKnownFileType = sourcecode.swift; path = SetCountHeaderView.swift; sourceTree = "<group>"; };
		7566B3202C69AC9800BDF142 /* AddScheduleViewController.swift */ = {isa = PBXFileReference; lastKnownFileType = sourcecode.swift; path = AddScheduleViewController.swift; sourceTree = "<group>"; };
		7566B3222C69C4E300BDF142 /* RoutinesViewController.swift */ = {isa = PBXFileReference; fileEncoding = 4; lastKnownFileType = sourcecode.swift; path = RoutinesViewController.swift; sourceTree = "<group>"; };
		7566B3232C69C4E300BDF142 /* ReportsViewController.swift */ = {isa = PBXFileReference; fileEncoding = 4; lastKnownFileType = sourcecode.swift; path = ReportsViewController.swift; sourceTree = "<group>"; };
		7566B3252C69C4E300BDF142 /* ScheduleViewController.swift */ = {isa = PBXFileReference; fileEncoding = 4; lastKnownFileType = sourcecode.swift; path = ScheduleViewController.swift; sourceTree = "<group>"; };
		756E39182C74755D00EDDBC6 /* AddScheduleViewModel.swift */ = {isa = PBXFileReference; lastKnownFileType = sourcecode.swift; path = AddScheduleViewModel.swift; sourceTree = "<group>"; };
		7573384A2C7EE1CF00AB05B2 /* GetRoutineViewController.swift */ = {isa = PBXFileReference; lastKnownFileType = sourcecode.swift; path = GetRoutineViewController.swift; sourceTree = "<group>"; };
		7573384C2C7EE35900AB05B2 /* GetRoutineCell.swift */ = {isa = PBXFileReference; lastKnownFileType = sourcecode.swift; path = GetRoutineCell.swift; sourceTree = "<group>"; };
		7590BFFE2C69EC9D004CB285 /* SearchResultsViewController.swift */ = {isa = PBXFileReference; lastKnownFileType = sourcecode.swift; path = SearchResultsViewController.swift; sourceTree = "<group>"; };
		7590C0002C69FE05004CB285 /* SearchResultCell.swift */ = {isa = PBXFileReference; lastKnownFileType = sourcecode.swift; path = SearchResultCell.swift; sourceTree = "<group>"; };
		7590C0022C6AF69B004CB285 /* SelectedExerciseCell.swift */ = {isa = PBXFileReference; lastKnownFileType = sourcecode.swift; path = SelectedExerciseCell.swift; sourceTree = "<group>"; };
		75D9AF712C90312C00B2DFBB /* CalendarPickerViewController.swift */ = {isa = PBXFileReference; lastKnownFileType = sourcecode.swift; path = CalendarPickerViewController.swift; sourceTree = "<group>"; };
		8D0CA37E2C781B9700727F18 /* WeightRecordModalViewController.swift */ = {isa = PBXFileReference; lastKnownFileType = sourcecode.swift; path = WeightRecordModalViewController.swift; sourceTree = "<group>"; };
		CE1609E42C8AF5B900017D18 /* ExerciseData.csv */ = {isa = PBXFileReference; fileEncoding = 4; lastKnownFileType = text; path = ExerciseData.csv; sourceTree = "<group>"; };
		CE4779192C76C96100F6DE74 /* ExercisesDetailViewController.swift */ = {isa = PBXFileReference; lastKnownFileType = sourcecode.swift; path = ExercisesDetailViewController.swift; sourceTree = "<group>"; };
		CE47791B2C76CC1200F6DE74 /* ExerciseDetailViewModel.swift */ = {isa = PBXFileReference; lastKnownFileType = sourcecode.swift; path = ExerciseDetailViewModel.swift; sourceTree = "<group>"; };
		CE47791D2C777CDF00F6DE74 /* SearchBodyPartStackView.swift */ = {isa = PBXFileReference; lastKnownFileType = sourcecode.swift; path = SearchBodyPartStackView.swift; sourceTree = "<group>"; };
		CE47791F2C777F2800F6DE74 /* SearchBodyPartButton.swift */ = {isa = PBXFileReference; lastKnownFileType = sourcecode.swift; path = SearchBodyPartButton.swift; sourceTree = "<group>"; };
		CE4779212C7A284500F6DE74 /* ExerciseEntryViewModel.swift */ = {isa = PBXFileReference; lastKnownFileType = sourcecode.swift; path = ExerciseEntryViewModel.swift; sourceTree = "<group>"; };
		CE75B9CF2C85770900F95008 /* ExerciseCalculateViewModel.swift */ = {isa = PBXFileReference; lastKnownFileType = sourcecode.swift; path = ExerciseCalculateViewModel.swift; sourceTree = "<group>"; };
		CEA171B72C7DA311000EB11A /* FunctionInfoPrint.swift */ = {isa = PBXFileReference; lastKnownFileType = sourcecode.swift; path = FunctionInfoPrint.swift; sourceTree = "<group>"; };
		CEA171BB2C7EF158000EB11A /* entryExercise.swift */ = {isa = PBXFileReference; lastKnownFileType = sourcecode.swift; path = entryExercise.swift; sourceTree = "<group>"; };
		CEE29B892C69950900D82571 /* ScheduleViewModel.swift */ = {isa = PBXFileReference; lastKnownFileType = sourcecode.swift; path = ScheduleViewModel.swift; sourceTree = "<group>"; };
		CEE29B902C69A22E00D82571 /* ExerciseViewModel.swift */ = {isa = PBXFileReference; lastKnownFileType = sourcecode.swift; path = ExerciseViewModel.swift; sourceTree = "<group>"; };
		CEE29B942C69A90B00D82571 /* RealmManager.swift */ = {isa = PBXFileReference; lastKnownFileType = sourcecode.swift; path = RealmManager.swift; sourceTree = "<group>"; };
		CEE29B9F2C69DCE000D82571 /* ExercisesListCell.swift */ = {isa = PBXFileReference; lastKnownFileType = sourcecode.swift; path = ExercisesListCell.swift; sourceTree = "<group>"; };
		CEE29BA12C69F65400D82571 /* CustomBodyPartLabel.swift */ = {isa = PBXFileReference; lastKnownFileType = sourcecode.swift; path = CustomBodyPartLabel.swift; sourceTree = "<group>"; };
		CEE29BA32C6A01F100D82571 /* TempViewController.swift */ = {isa = PBXFileReference; lastKnownFileType = sourcecode.swift; path = TempViewController.swift; sourceTree = "<group>"; };
		CEE8BC3A2C65ACD300E1D94F /* BodyPart.swift */ = {isa = PBXFileReference; lastKnownFileType = sourcecode.swift; path = BodyPart.swift; sourceTree = "<group>"; };
		CEE8BC612C65B1B800E1D94F /* Exercise.swift */ = {isa = PBXFileReference; lastKnownFileType = sourcecode.swift; path = Exercise.swift; sourceTree = "<group>"; };
		CEE8BC632C65B25B00E1D94F /* Routine.swift */ = {isa = PBXFileReference; lastKnownFileType = sourcecode.swift; path = Routine.swift; sourceTree = "<group>"; };
		CEE8BC652C65B3EB00E1D94F /* Schedule.swift */ = {isa = PBXFileReference; lastKnownFileType = sourcecode.swift; path = Schedule.swift; sourceTree = "<group>"; };
		CEE8BC672C65B43500E1D94F /* ReportBodyPartData.swift */ = {isa = PBXFileReference; lastKnownFileType = sourcecode.swift; path = ReportBodyPartData.swift; sourceTree = "<group>"; };
		CEE8BC692C65B45100E1D94F /* InBody.swift */ = {isa = PBXFileReference; lastKnownFileType = sourcecode.swift; path = InBody.swift; sourceTree = "<group>"; };
		CEE918A92C6FAA6500B8DEF7 /* ExercisesEntryViewController.swift */ = {isa = PBXFileReference; lastKnownFileType = sourcecode.swift; path = ExercisesEntryViewController.swift; sourceTree = "<group>"; };
		CEE918AD2C741B9D00B8DEF7 /* InputBodyPartButton.swift */ = {isa = PBXFileReference; lastKnownFileType = sourcecode.swift; path = InputBodyPartButton.swift; sourceTree = "<group>"; };
		CEE918B12C745E4A00B8DEF7 /* InputBodyPartButtonStackView.swift */ = {isa = PBXFileReference; lastKnownFileType = sourcecode.swift; path = InputBodyPartButtonStackView.swift; sourceTree = "<group>"; };
/* End PBXFileReference section */

/* Begin PBXFrameworksBuildPhase section */
		1894012D2C528B2000533E0A /* Frameworks */ = {
			isa = PBXFrameworksBuildPhase;
			buildActionMask = 2147483647;
			files = (
				75187B4C2C6C887400B9F84A /* RealmSwift in Frameworks */,
				75D9AF702C901DE500B2DFBB /* FSCalendar in Frameworks */,
			);
			runOnlyForDeploymentPostprocessing = 0;
		};
/* End PBXFrameworksBuildPhase section */

/* Begin PBXGroup section */
		184A589E2C69E42B009F2848 /* Reports */ = {
			isa = PBXGroup;
			children = (
				18F4F30E2C8032CD00F2006C /* View */,
				18FAA0792C76C9EE00B62B8F /* ViewModel */,
				CEE623B82C6CAACC00863699 /* ViewController */,
				CEE623B72C6CAA9A00863699 /* TableCell */,
			);
			path = Reports;
			sourceTree = "<group>";
		};
		184A589F2C69ECAF009F2848 /* font */ = {
			isa = PBXGroup;
			children = (
				184A58A52C69ED3D009F2848 /* Pretendard-Black.otf */,
				184A58A12C69ED3D009F2848 /* Pretendard-Bold.otf */,
				184A58A82C69ED3D009F2848 /* Pretendard-ExtraBold.otf */,
				184A58A72C69ED3D009F2848 /* Pretendard-ExtraLight.otf */,
				184A58A62C69ED3D009F2848 /* Pretendard-Light.otf */,
				184A58A02C69ED3D009F2848 /* Pretendard-Medium.otf */,
				184A58A32C69ED3D009F2848 /* Pretendard-Regular.otf */,
				184A58A42C69ED3D009F2848 /* Pretendard-SemiBold.otf */,
				184A58A22C69ED3D009F2848 /* Pretendard-Thin.otf */,
			);
			path = font;
			sourceTree = "<group>";
		};
		189401272C528B2000533E0A = {
			isa = PBXGroup;
			children = (
				189401322C528B2000533E0A /* HealthLog */,
				189401312C528B2000533E0A /* Products */,
			);
			sourceTree = "<group>";
		};
		189401312C528B2000533E0A /* Products */ = {
			isa = PBXGroup;
			children = (
				189401302C528B2000533E0A /* HealthLog.app */,
			);
			name = Products;
			sourceTree = "<group>";
		};
		189401322C528B2000533E0A /* HealthLog */ = {
			isa = PBXGroup;
			children = (
				CE1609E02C8AF38300017D18 /* Resources */,
				7566B31F2C69AC8300BDF142 /* View */,
				CEE8BC6B2C65F2D500E1D94F /* ViewModel */,
				CEE8BC342C65AB2900E1D94F /* Model */,
				189401332C528B2000533E0A /* AppDelegate.swift */,
				189401352C528B2000533E0A /* SceneDelegate.swift */,
				1894013C2C528B2100533E0A /* Assets.xcassets */,
				1894013E2C528B2100533E0A /* LaunchScreen.storyboard */,
				189401412C528B2100533E0A /* Info.plist */,
				184A589F2C69ECAF009F2848 /* font */,
			);
			path = HealthLog;
			sourceTree = "<group>";
		};
		18CFC4A32C8F570C00FB9D12 /* MyInfomation */ = {
			isa = PBXGroup;
			children = (
				18CFC4A42C8F572700FB9D12 /* MyInfomationViewController.swift */,
				18CFC4A62C8F5A9D00FB9D12 /* UserInfoView.swift */,
				18CFC4A82C8F620900FB9D12 /* MyInfomationViewModel.swift */,
			);
			path = MyInfomation;
			sourceTree = "<group>";
		};
		18F4F30E2C8032CD00F2006C /* View */ = {
			isa = PBXGroup;
			children = (
				18D991232C7C1ACE0007F115 /* MuscleImageView.swift */,
				18F4F30A2C7EFBBB00F2006C /* InBodyChartView.swift */,
				18949EEF2C82F8670068112A /* InfoBoxView.swift */,
			);
			path = View;
			sourceTree = "<group>";
		};
		18FAA0792C76C9EE00B62B8F /* ViewModel */ = {
			isa = PBXGroup;
			children = (
				18F4F30C2C802E0B00F2006C /* InBodyChartViewModel.swift */,
				18949F332C86A14A0068112A /* ReportsViewModel.swift */,
			);
			path = ViewModel;
			sourceTree = "<group>";
		};
		4BC435032C82F56000D15717 /* RoutineSearchResults */ = {
			isa = PBXGroup;
			children = (
				4B89D3632C6C6C180094C852 /* RoutineSearchResultCell.swift */,
				4B911CF92C741F770032F438 /* RoutineSearchResultsViewController.swift */,
			);
			path = RoutineSearchResults;
			sourceTree = "<group>";
		};
		4BC435042C82F58400D15717 /* RoutineAdd */ = {
			isa = PBXGroup;
			children = (
				4B16457A2C69E482008B09C9 /* RoutineAddNameViewController.swift */,
				4B89D3612C6B35AE0094C852 /* RoutineAddExerciseViewController.swift */,
			);
			path = RoutineAdd;
			sourceTree = "<group>";
		};
		4BC435052C82F59000D15717 /* RoutineDetail */ = {
			isa = PBXGroup;
			children = (
				4B2A2A2B2C7F0880007F5F55 /* RoutineDetailViewController.swift */,
				4B2A2A2F2C7F0E8E007F5F55 /* RoutineDetailHeaderView.swift */,
				4B2A2A312C800FC3007F5F55 /* RoutineDetailFooterView.swift */,
				4B2A2A2D2C7F0B5C007F5F55 /* RoutineDetailViewCell.swift */,
			);
			path = RoutineDetail;
			sourceTree = "<group>";
		};
		4BC435062C82F59B00D15717 /* Routines */ = {
			isa = PBXGroup;
			children = (
				7566B3222C69C4E300BDF142 /* RoutinesViewController.swift */,
				4B8D65DE2C7D63D700B8AFA0 /* RoutineCell.swift */,
			);
			path = Routines;
			sourceTree = "<group>";
		};
		4BC435072C82F5B900D15717 /* RotuineEdit */ = {
			isa = PBXGroup;
			children = (
				4B2A2A332C804E31007F5F55 /* RoutineEditViewController.swift */,
				4B403D062C8B3450004961B9 /* RoutineEditNameTableViewCell.swift */,
				4B7D55282C857D320079B170 /* DeleteButtonCell.swift */,
				4B403D082C8B3B99004961B9 /* RoutineEditHeader.swift */,
			);
			path = RotuineEdit;
			sourceTree = "<group>";
		};
		4BC435082C82F5D400D15717 /* SetStepper */ = {
			isa = PBXGroup;
			children = (
				4BE243C42C78642E00FD2BA5 /* SetCountHeaderView.swift */,
				4BE243C02C76D66800FD2BA5 /* SetCell.swift */,
				4B8D65DC2C7B5C9700B8AFA0 /* SetDividerFooterView.swift */,
			);
			path = SetStepper;
			sourceTree = "<group>";
		};
		4BC435092C82F75700D15717 /* Routine */ = {
			isa = PBXGroup;
			children = (
				4B911CFB2C746DBB0032F438 /* RoutineViewModel.swift */,
				4BC4350A2C82FB6900D15717 /* RoutineAddViewModel.swift */,
				4BC4350C2C830C8700D15717 /* RoutineEditViewModel.swift */,
			);
			path = Routine;
			sourceTree = "<group>";
		};
		7566B31F2C69AC8300BDF142 /* View */ = {
			isa = PBXGroup;
			children = (
				CEE623BA2C6CAAF600863699 /* Extension */,
				CEE623B92C6CAAEB00863699 /* Routine */,
				CEE29BA52C6A026D00D82571 /* Temp */,
				CEE29B9E2C69D43000D82571 /* Exercise */,
				18CFC4A32C8F570C00FB9D12 /* MyInfomation */,
				184A589E2C69E42B009F2848 /* Reports */,
				7566B32A2C69C53D00BDF142 /* Schedule */,
			);
			path = View;
			sourceTree = "<group>";
		};
		7566B32A2C69C53D00BDF142 /* Schedule */ = {
			isa = PBXGroup;
			children = (
				757ED8C82C86986100EADC90 /* AddSchedule */,
				7566B3252C69C4E300BDF142 /* ScheduleViewController.swift */,
				184A58B42C6A3CEA009F2848 /* ExerciseCheckCell.swift */,
				3C8CD5872C731AB90025B059 /* EditScheduleExerciseViewController.swift */,
				3C8CD5892C7418920025B059 /* SaveRoutineViewController.swift */,
				75D9AF712C90312C00B2DFBB /* CalendarPickerViewController.swift */,
			);
			path = Schedule;
			sourceTree = "<group>";
		};
		757ED8C82C86986100EADC90 /* AddSchedule */ = {
			isa = PBXGroup;
			children = (
				7566B3202C69AC9800BDF142 /* AddScheduleViewController.swift */,
				7590BFFE2C69EC9D004CB285 /* SearchResultsViewController.swift */,
				7590C0002C69FE05004CB285 /* SearchResultCell.swift */,
				7590C0022C6AF69B004CB285 /* SelectedExerciseCell.swift */,
				7573384A2C7EE1CF00AB05B2 /* GetRoutineViewController.swift */,
				7573384C2C7EE35900AB05B2 /* GetRoutineCell.swift */,
			);
			path = AddSchedule;
			sourceTree = "<group>";
		};
		CE1609E02C8AF38300017D18 /* Resources */ = {
			isa = PBXGroup;
			children = (
				CE1609E12C8AF3F000017D18 /* Data */,
			);
			path = Resources;
			sourceTree = "<group>";
		};
		CE1609E12C8AF3F000017D18 /* Data */ = {
			isa = PBXGroup;
			children = (
				CE1609E42C8AF5B900017D18 /* ExerciseData.csv */,
			);
			path = Data;
			sourceTree = "<group>";
		};
		CEA171B92C7EA210000EB11A /* CustomViews */ = {
			isa = PBXGroup;
			children = (
			);
			path = CustomViews;
			sourceTree = "<group>";
		};
		CEA171BA2C7EA319000EB11A /* Utils */ = {
			isa = PBXGroup;
			children = (
			);
			path = Utils;
			sourceTree = "<group>";
		};
		CEE29B9E2C69D43000D82571 /* Exercise */ = {
			isa = PBXGroup;
			children = (
				CEA171BA2C7EA319000EB11A /* Utils */,
				CEA171B92C7EA210000EB11A /* CustomViews */,
				CEE29B9F2C69DCE000D82571 /* ExercisesListCell.swift */,
				CEE29BA12C69F65400D82571 /* CustomBodyPartLabel.swift */,
				184A58B22C6A3409009F2848 /* ExercisesViewController.swift */,
				CE4779192C76C96100F6DE74 /* ExercisesDetailViewController.swift */,
				CEE918A92C6FAA6500B8DEF7 /* ExercisesEntryViewController.swift */,
				CEE918AD2C741B9D00B8DEF7 /* InputBodyPartButton.swift */,
				CEE918B12C745E4A00B8DEF7 /* InputBodyPartButtonStackView.swift */,
				CE47791D2C777CDF00F6DE74 /* SearchBodyPartStackView.swift */,
				CE47791F2C777F2800F6DE74 /* SearchBodyPartButton.swift */,
				CEA171B72C7DA311000EB11A /* FunctionInfoPrint.swift */,
			);
			path = Exercise;
			sourceTree = "<group>";
		};
		CEE29BA52C6A026D00D82571 /* Temp */ = {
			isa = PBXGroup;
			children = (
				CEE29BA32C6A01F100D82571 /* TempViewController.swift */,
			);
			path = Temp;
			sourceTree = "<group>";
		};
		CEE623B72C6CAA9A00863699 /* TableCell */ = {
			isa = PBXGroup;
			children = (
				186301E12C73313900CA32AA /* MuscleImageTableViewCell.swift */,
				184A58BC2C6BA63C009F2848 /* TotalNumberPerBodyPartTableViewCell.swift */,
				184A58C02C6C8521009F2848 /* SectionTitleTableViewCell.swift */,
				184A58C22C6C88D0009F2848 /* MostPerformedTableViewCell.swift */,
				184A58C42C6CFDC0009F2848 /* MostChangedTableViewCell.swift */,
				18D991262C7DA7D40007F115 /* NoDataTableViewCell.swift */,
				18CFC4AC2C900C5600FB9D12 /* SectionSubtitleTableViewCell.swift */,
			);
			path = TableCell;
			sourceTree = "<group>";
		};
		CEE623B82C6CAACC00863699 /* ViewController */ = {
			isa = PBXGroup;
			children = (
				7566B3232C69C4E300BDF142 /* ReportsViewController.swift */,
				184A58B62C6B28C9009F2848 /* ExerciseRecordViewController.swift */,
				184A58B82C6B28DD009F2848 /* WeightRecordViewController.swift */,
				8D0CA37E2C781B9700727F18 /* WeightRecordModalViewController.swift */,
				185960BB2C89FB3C00ADED87 /* MonthPickerViewController.swift */,
			);
			path = ViewController;
			sourceTree = "<group>";
		};
		CEE623B92C6CAAEB00863699 /* Routine */ = {
			isa = PBXGroup;
			children = (
				4BC435072C82F5B900D15717 /* RotuineEdit */,
				4BC435062C82F59B00D15717 /* Routines */,
				4BC435052C82F59000D15717 /* RoutineDetail */,
				4BC435042C82F58400D15717 /* RoutineAdd */,
				4BC435032C82F56000D15717 /* RoutineSearchResults */,
				4BC435082C82F5D400D15717 /* SetStepper */,
			);
			path = Routine;
			sourceTree = "<group>";
		};
		CEE623BA2C6CAAF600863699 /* Extension */ = {
			isa = PBXGroup;
			children = (
				4B89D35B2C6AEBC30094C852 /* Extension+UINavigationController.swift */,
				3CD063C62C7FF80900EBCAB8 /* Extension+UITabBarController.swift */,
				4B89D35F2C6B27110094C852 /* Extension+UIFont.swift */,
			);
			path = Extension;
			sourceTree = "<group>";
		};
		CEE8BC342C65AB2900E1D94F /* Model */ = {
			isa = PBXGroup;
			children = (
				CEE8BC3A2C65ACD300E1D94F /* BodyPart.swift */,
				CEE8BC612C65B1B800E1D94F /* Exercise.swift */,
				CEE8BC632C65B25B00E1D94F /* Routine.swift */,
				CEE8BC652C65B3EB00E1D94F /* Schedule.swift */,
				CEE8BC672C65B43500E1D94F /* ReportBodyPartData.swift */,
				CEE8BC692C65B45100E1D94F /* InBody.swift */,
				CEA171BB2C7EF158000EB11A /* entryExercise.swift */,
			);
			path = Model;
			sourceTree = "<group>";
		};
		CEE8BC6B2C65F2D500E1D94F /* ViewModel */ = {
			isa = PBXGroup;
			children = (
				CEE29B942C69A90B00D82571 /* RealmManager.swift */,
				CEE29B892C69950900D82571 /* ScheduleViewModel.swift */,
				CEE29B902C69A22E00D82571 /* ExerciseViewModel.swift */,
				756E39182C74755D00EDDBC6 /* AddScheduleViewModel.swift */,
				4BC435092C82F75700D15717 /* Routine */,
				CE47791B2C76CC1200F6DE74 /* ExerciseDetailViewModel.swift */,
				CE4779212C7A284500F6DE74 /* ExerciseEntryViewModel.swift */,
				CE75B9CF2C85770900F95008 /* ExerciseCalculateViewModel.swift */,
			);
			path = ViewModel;
			sourceTree = "<group>";
		};
/* End PBXGroup section */

/* Begin PBXNativeTarget section */
		1894012F2C528B2000533E0A /* HealthLog */ = {
			isa = PBXNativeTarget;
			buildConfigurationList = 189401442C528B2100533E0A /* Build configuration list for PBXNativeTarget "HealthLog" */;
			buildPhases = (
				1894012C2C528B2000533E0A /* Sources */,
				1894012D2C528B2000533E0A /* Frameworks */,
				1894012E2C528B2000533E0A /* Resources */,
				7590C0052C6AF94C004CB285 /* Embed Frameworks */,
			);
			buildRules = (
			);
			dependencies = (
			);
			name = HealthLog;
			packageProductDependencies = (
				75187B4B2C6C887400B9F84A /* RealmSwift */,
				75D9AF6F2C901DE500B2DFBB /* FSCalendar */,
			);
			productName = HealthLog;
			productReference = 189401302C528B2000533E0A /* HealthLog.app */;
			productType = "com.apple.product-type.application";
		};
/* End PBXNativeTarget section */

/* Begin PBXProject section */
		189401282C528B2000533E0A /* Project object */ = {
			isa = PBXProject;
			attributes = {
				BuildIndependentTargetsInParallel = 1;
				LastSwiftUpdateCheck = 1540;
				LastUpgradeCheck = 1540;
				TargetAttributes = {
					1894012F2C528B2000533E0A = {
						CreatedOnToolsVersion = 15.4;
					};
				};
			};
			buildConfigurationList = 1894012B2C528B2000533E0A /* Build configuration list for PBXProject "HealthLog" */;
			compatibilityVersion = "Xcode 14.0";
			developmentRegion = en;
			hasScannedForEncodings = 0;
			knownRegions = (
				en,
				Base,
			);
			mainGroup = 189401272C528B2000533E0A;
			packageReferences = (
				75187B4A2C6C887400B9F84A /* XCRemoteSwiftPackageReference "realm-swift" */,
				75D9AF6E2C901DE500B2DFBB /* XCRemoteSwiftPackageReference "FSCalendar" */,
			);
			productRefGroup = 189401312C528B2000533E0A /* Products */;
			projectDirPath = "";
			projectRoot = "";
			targets = (
				1894012F2C528B2000533E0A /* HealthLog */,
			);
		};
/* End PBXProject section */

/* Begin PBXResourcesBuildPhase section */
		1894012E2C528B2000533E0A /* Resources */ = {
			isa = PBXResourcesBuildPhase;
			buildActionMask = 2147483647;
			files = (
				1894013D2C528B2100533E0A /* Assets.xcassets in Resources */,
				184A58AC2C69ED3D009F2848 /* Pretendard-Regular.otf in Resources */,
				184A58B02C69ED3D009F2848 /* Pretendard-ExtraLight.otf in Resources */,
				184A58AD2C69ED3D009F2848 /* Pretendard-SemiBold.otf in Resources */,
				184A58AB2C69ED3D009F2848 /* Pretendard-Thin.otf in Resources */,
				184A58AA2C69ED3D009F2848 /* Pretendard-Bold.otf in Resources */,
				184A58B12C69ED3D009F2848 /* Pretendard-ExtraBold.otf in Resources */,
				184A58AE2C69ED3D009F2848 /* Pretendard-Black.otf in Resources */,
				CE1609E52C8AF5B900017D18 /* ExerciseData.csv in Resources */,
				8D0B39912C7F6B7A004C4863 /* LaunchScreen.storyboard in Resources */,
				184A58A92C69ED3D009F2848 /* Pretendard-Medium.otf in Resources */,
				184A58AF2C69ED3D009F2848 /* Pretendard-Light.otf in Resources */,
			);
			runOnlyForDeploymentPostprocessing = 0;
		};
/* End PBXResourcesBuildPhase section */

/* Begin PBXSourcesBuildPhase section */
		1894012C2C528B2000533E0A /* Sources */ = {
			isa = PBXSourcesBuildPhase;
			buildActionMask = 2147483647;
			files = (
				4B2A2A2E2C7F0B5C007F5F55 /* RoutineDetailViewCell.swift in Sources */,
				75D9AF722C90312C00B2DFBB /* CalendarPickerViewController.swift in Sources */,
				18D991252C7C1FEA0007F115 /* ReportBodyPartData.swift in Sources */,
				3CD063C72C7FF80900EBCAB8 /* Extension+UITabBarController.swift in Sources */,
				184A58B92C6B28DD009F2848 /* WeightRecordViewController.swift in Sources */,
				4BC4350B2C82FB6900D15717 /* RoutineAddViewModel.swift in Sources */,
				CEA171B82C7DA311000EB11A /* FunctionInfoPrint.swift in Sources */,
				18CFC4A92C8F620900FB9D12 /* MyInfomationViewModel.swift in Sources */,
				CE4779222C7A284500F6DE74 /* ExerciseEntryViewModel.swift in Sources */,
				18D991272C7DA7D40007F115 /* NoDataTableViewCell.swift in Sources */,
				CEE29B952C69A90B00D82571 /* RealmManager.swift in Sources */,
				7590BFFF2C69EC9D004CB285 /* SearchResultsViewController.swift in Sources */,
				4B7D55292C857D320079B170 /* DeleteButtonCell.swift in Sources */,
				4B911CFC2C746DBB0032F438 /* RoutineViewModel.swift in Sources */,
				184A58B52C6A3CEA009F2848 /* ExerciseCheckCell.swift in Sources */,
				4B403D092C8B3B99004961B9 /* RoutineEditHeader.swift in Sources */,
				CEE29B8A2C69950900D82571 /* ScheduleViewModel.swift in Sources */,
				CE47791E2C777CE000F6DE74 /* SearchBodyPartStackView.swift in Sources */,
				CEE8BC622C65B1B800E1D94F /* Exercise.swift in Sources */,
				756E39192C74755D00EDDBC6 /* AddScheduleViewModel.swift in Sources */,
				4B89D3642C6C6C180094C852 /* RoutineSearchResultCell.swift in Sources */,
				3C8CD58A2C7418920025B059 /* SaveRoutineViewController.swift in Sources */,
				18949F342C86A14A0068112A /* ReportsViewModel.swift in Sources */,
				18D991242C7C1ACE0007F115 /* MuscleImageView.swift in Sources */,
				4BE243C12C76D66800FD2BA5 /* SetCell.swift in Sources */,
				4B8D65DF2C7D63D700B8AFA0 /* RoutineCell.swift in Sources */,
				8D0CA37F2C781B9700727F18 /* WeightRecordModalViewController.swift in Sources */,
				4B89D3622C6B35AE0094C852 /* RoutineAddExerciseViewController.swift in Sources */,
				4BE243C52C78642E00FD2BA5 /* SetCountHeaderView.swift in Sources */,
				7573384D2C7EE35900AB05B2 /* GetRoutineCell.swift in Sources */,
				4B89D3602C6B27110094C852 /* Extension+UIFont.swift in Sources */,
				CEE29BA42C6A01F100D82571 /* TempViewController.swift in Sources */,
				7566B3292C69C4E300BDF142 /* ScheduleViewController.swift in Sources */,
				184A58C32C6C88D0009F2848 /* MostPerformedTableViewCell.swift in Sources */,
				18CFC4A72C8F5A9D00FB9D12 /* UserInfoView.swift in Sources */,
				3C8CD5882C731AB90025B059 /* EditScheduleExerciseViewController.swift in Sources */,
				4B2A2A302C7F0E8E007F5F55 /* RoutineDetailHeaderView.swift in Sources */,
				CEE8BC642C65B25B00E1D94F /* Routine.swift in Sources */,
				18F4F30D2C802E0B00F2006C /* InBodyChartViewModel.swift in Sources */,
				184A58C52C6CFDC0009F2848 /* MostChangedTableViewCell.swift in Sources */,
				4B8D65DD2C7B5C9700B8AFA0 /* SetDividerFooterView.swift in Sources */,
				4B911CFA2C741F770032F438 /* RoutineSearchResultsViewController.swift in Sources */,
				189401342C528B2000533E0A /* AppDelegate.swift in Sources */,
				185960BC2C89FB3C00ADED87 /* MonthPickerViewController.swift in Sources */,
				CEE918B22C745E4A00B8DEF7 /* InputBodyPartButtonStackView.swift in Sources */,
				7566B3272C69C4E300BDF142 /* ReportsViewController.swift in Sources */,
				4B2A2A2C2C7F0880007F5F55 /* RoutineDetailViewController.swift in Sources */,
				CE47791A2C76C96100F6DE74 /* ExercisesDetailViewController.swift in Sources */,
				184A58BD2C6BA63C009F2848 /* TotalNumberPerBodyPartTableViewCell.swift in Sources */,
				4B89D35C2C6AEBC30094C852 /* Extension+UINavigationController.swift in Sources */,
				CEE29B912C69A22E00D82571 /* ExerciseViewModel.swift in Sources */,
				18949EF02C82F8670068112A /* InfoBoxView.swift in Sources */,
				7573384B2C7EE1CF00AB05B2 /* GetRoutineViewController.swift in Sources */,
				184A58C12C6C8521009F2848 /* SectionTitleTableViewCell.swift in Sources */,
				18F4F30B2C7EFBBB00F2006C /* InBodyChartView.swift in Sources */,
				189401362C528B2000533E0A /* SceneDelegate.swift in Sources */,
				4B403D072C8B3450004961B9 /* RoutineEditNameTableViewCell.swift in Sources */,
				CEE8BC6A2C65B45100E1D94F /* InBody.swift in Sources */,
				CEE8BC662C65B3EB00E1D94F /* Schedule.swift in Sources */,
				186301E22C73313900CA32AA /* MuscleImageTableViewCell.swift in Sources */,
				184A58B72C6B28C9009F2848 /* ExerciseRecordViewController.swift in Sources */,
				CEE918AA2C6FAA6500B8DEF7 /* ExercisesEntryViewController.swift in Sources */,
				4B2A2A322C800FC3007F5F55 /* RoutineDetailFooterView.swift in Sources */,
				4BC4350D2C830C8700D15717 /* RoutineEditViewModel.swift in Sources */,
				184A58B32C6A3409009F2848 /* ExercisesViewController.swift in Sources */,
				CE75B9D02C85770900F95008 /* ExerciseCalculateViewModel.swift in Sources */,
				7566B3262C69C4E300BDF142 /* RoutinesViewController.swift in Sources */,
				7566B3212C69AC9800BDF142 /* AddScheduleViewController.swift in Sources */,
				4B16457B2C69E482008B09C9 /* RoutineAddNameViewController.swift in Sources */,
				CEE918AE2C741B9D00B8DEF7 /* InputBodyPartButton.swift in Sources */,
				18CFC4A52C8F572700FB9D12 /* MyInfomationViewController.swift in Sources */,
				7590C0012C69FE05004CB285 /* SearchResultCell.swift in Sources */,
				4B2A2A342C804E31007F5F55 /* RoutineEditViewController.swift in Sources */,
				CEA171BC2C7EF158000EB11A /* entryExercise.swift in Sources */,
				CE47791C2C76CC1200F6DE74 /* ExerciseDetailViewModel.swift in Sources */,
				CEE29BA02C69DCE000D82571 /* ExercisesListCell.swift in Sources */,
				CE4779202C777F2800F6DE74 /* SearchBodyPartButton.swift in Sources */,
				18CFC4AD2C900C5600FB9D12 /* SectionSubtitleTableViewCell.swift in Sources */,
				CEE29BA22C69F65400D82571 /* CustomBodyPartLabel.swift in Sources */,
				7590C0032C6AF69B004CB285 /* SelectedExerciseCell.swift in Sources */,
				CEE8BC3B2C65ACD300E1D94F /* BodyPart.swift in Sources */,
			);
			runOnlyForDeploymentPostprocessing = 0;
		};
/* End PBXSourcesBuildPhase section */

/* Begin PBXVariantGroup section */
		1894013E2C528B2100533E0A /* LaunchScreen.storyboard */ = {
			isa = PBXVariantGroup;
			children = (
				1894013F2C528B2100533E0A /* Base */,
			);
			name = LaunchScreen.storyboard;
			sourceTree = "<group>";
		};
/* End PBXVariantGroup section */

/* Begin XCBuildConfiguration section */
		189401422C528B2100533E0A /* Debug */ = {
			isa = XCBuildConfiguration;
			buildSettings = {
				ALWAYS_SEARCH_USER_PATHS = NO;
				ASSETCATALOG_COMPILER_GENERATE_SWIFT_ASSET_SYMBOL_EXTENSIONS = YES;
				CLANG_ANALYZER_NONNULL = YES;
				CLANG_ANALYZER_NUMBER_OBJECT_CONVERSION = YES_AGGRESSIVE;
				CLANG_CXX_LANGUAGE_STANDARD = "gnu++20";
				CLANG_ENABLE_MODULES = YES;
				CLANG_ENABLE_OBJC_ARC = YES;
				CLANG_ENABLE_OBJC_WEAK = YES;
				CLANG_WARN_BLOCK_CAPTURE_AUTORELEASING = YES;
				CLANG_WARN_BOOL_CONVERSION = YES;
				CLANG_WARN_COMMA = YES;
				CLANG_WARN_CONSTANT_CONVERSION = YES;
				CLANG_WARN_DEPRECATED_OBJC_IMPLEMENTATIONS = YES;
				CLANG_WARN_DIRECT_OBJC_ISA_USAGE = YES_ERROR;
				CLANG_WARN_DOCUMENTATION_COMMENTS = YES;
				CLANG_WARN_EMPTY_BODY = YES;
				CLANG_WARN_ENUM_CONVERSION = YES;
				CLANG_WARN_INFINITE_RECURSION = YES;
				CLANG_WARN_INT_CONVERSION = YES;
				CLANG_WARN_NON_LITERAL_NULL_CONVERSION = YES;
				CLANG_WARN_OBJC_IMPLICIT_RETAIN_SELF = YES;
				CLANG_WARN_OBJC_LITERAL_CONVERSION = YES;
				CLANG_WARN_OBJC_ROOT_CLASS = YES_ERROR;
				CLANG_WARN_QUOTED_INCLUDE_IN_FRAMEWORK_HEADER = YES;
				CLANG_WARN_RANGE_LOOP_ANALYSIS = YES;
				CLANG_WARN_STRICT_PROTOTYPES = YES;
				CLANG_WARN_SUSPICIOUS_MOVE = YES;
				CLANG_WARN_UNGUARDED_AVAILABILITY = YES_AGGRESSIVE;
				CLANG_WARN_UNREACHABLE_CODE = YES;
				CLANG_WARN__DUPLICATE_METHOD_MATCH = YES;
				COPY_PHASE_STRIP = NO;
				DEBUG_INFORMATION_FORMAT = dwarf;
				ENABLE_STRICT_OBJC_MSGSEND = YES;
				ENABLE_TESTABILITY = YES;
				ENABLE_USER_SCRIPT_SANDBOXING = YES;
				GCC_C_LANGUAGE_STANDARD = gnu17;
				GCC_DYNAMIC_NO_PIC = NO;
				GCC_NO_COMMON_BLOCKS = YES;
				GCC_OPTIMIZATION_LEVEL = 0;
				GCC_PREPROCESSOR_DEFINITIONS = (
					"DEBUG=1",
					"$(inherited)",
				);
				GCC_WARN_64_TO_32_BIT_CONVERSION = YES;
				GCC_WARN_ABOUT_RETURN_TYPE = YES_ERROR;
				GCC_WARN_UNDECLARED_SELECTOR = YES;
				GCC_WARN_UNINITIALIZED_AUTOS = YES_AGGRESSIVE;
				GCC_WARN_UNUSED_FUNCTION = YES;
				GCC_WARN_UNUSED_VARIABLE = YES;
				IPHONEOS_DEPLOYMENT_TARGET = 16.0;
				LOCALIZATION_PREFERS_STRING_CATALOGS = YES;
				MTL_ENABLE_DEBUG_INFO = INCLUDE_SOURCE;
				MTL_FAST_MATH = YES;
				ONLY_ACTIVE_ARCH = YES;
				SDKROOT = iphoneos;
				SWIFT_ACTIVE_COMPILATION_CONDITIONS = "DEBUG $(inherited)";
				SWIFT_OPTIMIZATION_LEVEL = "-Onone";
			};
			name = Debug;
		};
		189401432C528B2100533E0A /* Release */ = {
			isa = XCBuildConfiguration;
			buildSettings = {
				ALWAYS_SEARCH_USER_PATHS = NO;
				ASSETCATALOG_COMPILER_GENERATE_SWIFT_ASSET_SYMBOL_EXTENSIONS = YES;
				CLANG_ANALYZER_NONNULL = YES;
				CLANG_ANALYZER_NUMBER_OBJECT_CONVERSION = YES_AGGRESSIVE;
				CLANG_CXX_LANGUAGE_STANDARD = "gnu++20";
				CLANG_ENABLE_MODULES = YES;
				CLANG_ENABLE_OBJC_ARC = YES;
				CLANG_ENABLE_OBJC_WEAK = YES;
				CLANG_WARN_BLOCK_CAPTURE_AUTORELEASING = YES;
				CLANG_WARN_BOOL_CONVERSION = YES;
				CLANG_WARN_COMMA = YES;
				CLANG_WARN_CONSTANT_CONVERSION = YES;
				CLANG_WARN_DEPRECATED_OBJC_IMPLEMENTATIONS = YES;
				CLANG_WARN_DIRECT_OBJC_ISA_USAGE = YES_ERROR;
				CLANG_WARN_DOCUMENTATION_COMMENTS = YES;
				CLANG_WARN_EMPTY_BODY = YES;
				CLANG_WARN_ENUM_CONVERSION = YES;
				CLANG_WARN_INFINITE_RECURSION = YES;
				CLANG_WARN_INT_CONVERSION = YES;
				CLANG_WARN_NON_LITERAL_NULL_CONVERSION = YES;
				CLANG_WARN_OBJC_IMPLICIT_RETAIN_SELF = YES;
				CLANG_WARN_OBJC_LITERAL_CONVERSION = YES;
				CLANG_WARN_OBJC_ROOT_CLASS = YES_ERROR;
				CLANG_WARN_QUOTED_INCLUDE_IN_FRAMEWORK_HEADER = YES;
				CLANG_WARN_RANGE_LOOP_ANALYSIS = YES;
				CLANG_WARN_STRICT_PROTOTYPES = YES;
				CLANG_WARN_SUSPICIOUS_MOVE = YES;
				CLANG_WARN_UNGUARDED_AVAILABILITY = YES_AGGRESSIVE;
				CLANG_WARN_UNREACHABLE_CODE = YES;
				CLANG_WARN__DUPLICATE_METHOD_MATCH = YES;
				COPY_PHASE_STRIP = NO;
				DEBUG_INFORMATION_FORMAT = "dwarf-with-dsym";
				ENABLE_NS_ASSERTIONS = NO;
				ENABLE_STRICT_OBJC_MSGSEND = YES;
				ENABLE_USER_SCRIPT_SANDBOXING = YES;
				GCC_C_LANGUAGE_STANDARD = gnu17;
				GCC_NO_COMMON_BLOCKS = YES;
				GCC_WARN_64_TO_32_BIT_CONVERSION = YES;
				GCC_WARN_ABOUT_RETURN_TYPE = YES_ERROR;
				GCC_WARN_UNDECLARED_SELECTOR = YES;
				GCC_WARN_UNINITIALIZED_AUTOS = YES_AGGRESSIVE;
				GCC_WARN_UNUSED_FUNCTION = YES;
				GCC_WARN_UNUSED_VARIABLE = YES;
				IPHONEOS_DEPLOYMENT_TARGET = 16.0;
				LOCALIZATION_PREFERS_STRING_CATALOGS = YES;
				MTL_ENABLE_DEBUG_INFO = NO;
				MTL_FAST_MATH = YES;
				SDKROOT = iphoneos;
				SWIFT_COMPILATION_MODE = wholemodule;
				VALIDATE_PRODUCT = YES;
			};
			name = Release;
		};
		189401452C528B2100533E0A /* Debug */ = {
			isa = XCBuildConfiguration;
			buildSettings = {
				ASSETCATALOG_COMPILER_APPICON_NAME = AppIcon;
				ASSETCATALOG_COMPILER_GLOBAL_ACCENT_COLOR_NAME = AccentColor;
				CODE_SIGN_IDENTITY = "Apple Development";
				CODE_SIGN_STYLE = Automatic;
				CURRENT_PROJECT_VERSION = 1;
				DEVELOPMENT_TEAM = 59FP2PXRXK;
				GENERATE_INFOPLIST_FILE = YES;
				INFOPLIST_FILE = HealthLog/Info.plist;
				INFOPLIST_KEY_UIApplicationSupportsIndirectInputEvents = YES;
				INFOPLIST_KEY_UILaunchStoryboardName = LaunchScreen.storyboard;
				INFOPLIST_KEY_UISupportedInterfaceOrientations_iPad = "UIInterfaceOrientationPortrait UIInterfaceOrientationPortraitUpsideDown";
				INFOPLIST_KEY_UISupportedInterfaceOrientations_iPhone = UIInterfaceOrientationPortrait;
				IPHONEOS_DEPLOYMENT_TARGET = 16.0;
				LD_RUNPATH_SEARCH_PATHS = (
					"$(inherited)",
					"@executable_path/Frameworks",
				);
				MARKETING_VERSION = 1.0;
				PRODUCT_BUNDLE_IDENTIFIER = kr.co.wnyl.HealthLog;
				PRODUCT_NAME = "$(TARGET_NAME)";
				PROVISIONING_PROFILE_SPECIFIER = "";
				SUPPORTED_PLATFORMS = "iphoneos iphonesimulator";
				SUPPORTS_MACCATALYST = NO;
				SUPPORTS_MAC_DESIGNED_FOR_IPHONE_IPAD = NO;
				SUPPORTS_XR_DESIGNED_FOR_IPHONE_IPAD = NO;
				SWIFT_EMIT_LOC_STRINGS = YES;
				SWIFT_VERSION = 5.0;
				TARGETED_DEVICE_FAMILY = "1,2";
			};
			name = Debug;
		};
		189401462C528B2100533E0A /* Release */ = {
			isa = XCBuildConfiguration;
			buildSettings = {
				ASSETCATALOG_COMPILER_APPICON_NAME = AppIcon;
				ASSETCATALOG_COMPILER_GLOBAL_ACCENT_COLOR_NAME = AccentColor;
				CODE_SIGN_IDENTITY = "Apple Development";
				CODE_SIGN_STYLE = Automatic;
				CURRENT_PROJECT_VERSION = 1;
				DEVELOPMENT_TEAM = 59FP2PXRXK;
				GENERATE_INFOPLIST_FILE = YES;
				INFOPLIST_FILE = HealthLog/Info.plist;
				INFOPLIST_KEY_UIApplicationSupportsIndirectInputEvents = YES;
				INFOPLIST_KEY_UILaunchStoryboardName = LaunchScreen.storyboard;
				INFOPLIST_KEY_UISupportedInterfaceOrientations_iPad = "UIInterfaceOrientationPortrait UIInterfaceOrientationPortraitUpsideDown";
				INFOPLIST_KEY_UISupportedInterfaceOrientations_iPhone = UIInterfaceOrientationPortrait;
				IPHONEOS_DEPLOYMENT_TARGET = 16.0;
				LD_RUNPATH_SEARCH_PATHS = (
					"$(inherited)",
					"@executable_path/Frameworks",
				);
				MARKETING_VERSION = 1.0;
				PRODUCT_BUNDLE_IDENTIFIER = kr.co.wnyl.HealthLog;
				PRODUCT_NAME = "$(TARGET_NAME)";
				PROVISIONING_PROFILE_SPECIFIER = "";
				SUPPORTED_PLATFORMS = "iphoneos iphonesimulator";
				SUPPORTS_MACCATALYST = NO;
				SUPPORTS_MAC_DESIGNED_FOR_IPHONE_IPAD = NO;
				SUPPORTS_XR_DESIGNED_FOR_IPHONE_IPAD = NO;
				SWIFT_EMIT_LOC_STRINGS = YES;
				SWIFT_VERSION = 5.0;
				TARGETED_DEVICE_FAMILY = "1,2";
			};
			name = Release;
		};
/* End XCBuildConfiguration section */

/* Begin XCConfigurationList section */
		1894012B2C528B2000533E0A /* Build configuration list for PBXProject "HealthLog" */ = {
			isa = XCConfigurationList;
			buildConfigurations = (
				189401422C528B2100533E0A /* Debug */,
				189401432C528B2100533E0A /* Release */,
			);
			defaultConfigurationIsVisible = 0;
			defaultConfigurationName = Release;
		};
		189401442C528B2100533E0A /* Build configuration list for PBXNativeTarget "HealthLog" */ = {
			isa = XCConfigurationList;
			buildConfigurations = (
				189401452C528B2100533E0A /* Debug */,
				189401462C528B2100533E0A /* Release */,
			);
			defaultConfigurationIsVisible = 0;
			defaultConfigurationName = Release;
		};
/* End XCConfigurationList section */

/* Begin XCRemoteSwiftPackageReference section */
		75187B4A2C6C887400B9F84A /* XCRemoteSwiftPackageReference "realm-swift" */ = {
			isa = XCRemoteSwiftPackageReference;
			repositoryURL = "https://github.com/realm/realm-swift";
			requirement = {
				branch = master;
				kind = branch;
			};
		};
		75D9AF6E2C901DE500B2DFBB /* XCRemoteSwiftPackageReference "FSCalendar" */ = {
			isa = XCRemoteSwiftPackageReference;
			repositoryURL = "https://github.com/WenchaoD/FSCalendar";
			requirement = {
				kind = upToNextMajorVersion;
				minimumVersion = 2.8.4;
			};
		};
/* End XCRemoteSwiftPackageReference section */

/* Begin XCSwiftPackageProductDependency section */
		75187B4B2C6C887400B9F84A /* RealmSwift */ = {
			isa = XCSwiftPackageProductDependency;
			package = 75187B4A2C6C887400B9F84A /* XCRemoteSwiftPackageReference "realm-swift" */;
			productName = RealmSwift;
		};
		75D9AF6F2C901DE500B2DFBB /* FSCalendar */ = {
			isa = XCSwiftPackageProductDependency;
			package = 75D9AF6E2C901DE500B2DFBB /* XCRemoteSwiftPackageReference "FSCalendar" */;
			productName = FSCalendar;
		};
/* End XCSwiftPackageProductDependency section */
	};
	rootObject = 189401282C528B2000533E0A /* Project object */;
}
