// !$*UTF8*$!
{
	archiveVersion = 1;
	classes = {
	};
	objectVersion = 56;
	objects = {

/* Begin PBXBuildFile section */
		184A58A92C69ED3D009F2848 /* Pretendard-Medium.otf in Resources */ = {isa = PBXBuildFile; fileRef = 184A58A02C69ED3D009F2848 /* Pretendard-Medium.otf */; };
		184A58AA2C69ED3D009F2848 /* Pretendard-Bold.otf in Resources */ = {isa = PBXBuildFile; fileRef = 184A58A12C69ED3D009F2848 /* Pretendard-Bold.otf */; };
		184A58AB2C69ED3D009F2848 /* Pretendard-Thin.otf in Resources */ = {isa = PBXBuildFile; fileRef = 184A58A22C69ED3D009F2848 /* Pretendard-Thin.otf */; };
		184A58AC2C69ED3D009F2848 /* Pretendard-Regular.otf in Resources */ = {isa = PBXBuildFile; fileRef = 184A58A32C69ED3D009F2848 /* Pretendard-Regular.otf */; };
		184A58AD2C69ED3D009F2848 /* Pretendard-SemiBold.otf in Resources */ = {isa = PBXBuildFile; fileRef = 184A58A42C69ED3D009F2848 /* Pretendard-SemiBold.otf */; };
		184A58AE2C69ED3D009F2848 /* Pretendard-Black.otf in Resources */ = {isa = PBXBuildFile; fileRef = 184A58A52C69ED3D009F2848 /* Pretendard-Black.otf */; };
		184A58AF2C69ED3D009F2848 /* Pretendard-Light.otf in Resources */ = {isa = PBXBuildFile; fileRef = 184A58A62C69ED3D009F2848 /* Pretendard-Light.otf */; };
		184A58B02C69ED3D009F2848 /* Pretendard-ExtraLight.otf in Resources */ = {isa = PBXBuildFile; fileRef = 184A58A72C69ED3D009F2848 /* Pretendard-ExtraLight.otf */; };
		184A58B12C69ED3D009F2848 /* Pretendard-ExtraBold.otf in Resources */ = {isa = PBXBuildFile; fileRef = 184A58A82C69ED3D009F2848 /* Pretendard-ExtraBold.otf */; };
		184A58B32C6A3409009F2848 /* ExercisesViewController.swift in Sources */ = {isa = PBXBuildFile; fileRef = 184A58B22C6A3409009F2848 /* ExercisesViewController.swift */; };
		184A58B52C6A3CEA009F2848 /* ExerciseCheckCell.swift in Sources */ = {isa = PBXBuildFile; fileRef = 184A58B42C6A3CEA009F2848 /* ExerciseCheckCell.swift */; };
		189401342C528B2000533E0A /* AppDelegate.swift in Sources */ = {isa = PBXBuildFile; fileRef = 189401332C528B2000533E0A /* AppDelegate.swift */; };
		189401362C528B2000533E0A /* SceneDelegate.swift in Sources */ = {isa = PBXBuildFile; fileRef = 189401352C528B2000533E0A /* SceneDelegate.swift */; };
		1894013D2C528B2100533E0A /* Assets.xcassets in Resources */ = {isa = PBXBuildFile; fileRef = 1894013C2C528B2100533E0A /* Assets.xcassets */; };
		189401402C528B2100533E0A /* Base in Resources */ = {isa = PBXBuildFile; fileRef = 1894013F2C528B2100533E0A /* Base */; };
		4B16457B2C69E482008B09C9 /* RoutineAddNameViewController.swift in Sources */ = {isa = PBXBuildFile; fileRef = 4B16457A2C69E482008B09C9 /* RoutineAddNameViewController.swift */; };
		4B89D35C2C6AEBC30094C852 /* Extension+UINavigationController.swift in Sources */ = {isa = PBXBuildFile; fileRef = 4B89D35B2C6AEBC30094C852 /* Extension+UINavigationController.swift */; };
		4B89D3602C6B27110094C852 /* Extension+UIFont.swift in Sources */ = {isa = PBXBuildFile; fileRef = 4B89D35F2C6B27110094C852 /* Extension+UIFont.swift */; };
		4B89D3622C6B35AE0094C852 /* RoutineAddExerciseViewController.swift in Sources */ = {isa = PBXBuildFile; fileRef = 4B89D3612C6B35AE0094C852 /* RoutineAddExerciseViewController.swift */; };
		7566B3212C69AC9800BDF142 /* AddScheduleViewController.swift in Sources */ = {isa = PBXBuildFile; fileRef = 7566B3202C69AC9800BDF142 /* AddScheduleViewController.swift */; };
		7566B3262C69C4E300BDF142 /* RoutinesViewController.swift in Sources */ = {isa = PBXBuildFile; fileRef = 7566B3222C69C4E300BDF142 /* RoutinesViewController.swift */; };
		7566B3272C69C4E300BDF142 /* ReportsViewController.swift in Sources */ = {isa = PBXBuildFile; fileRef = 7566B3232C69C4E300BDF142 /* ReportsViewController.swift */; };
		7566B3292C69C4E300BDF142 /* ScheduleViewController.swift in Sources */ = {isa = PBXBuildFile; fileRef = 7566B3252C69C4E300BDF142 /* ScheduleViewController.swift */; };
		7590BFFF2C69EC9D004CB285 /* SearchResultsViewController.swift in Sources */ = {isa = PBXBuildFile; fileRef = 7590BFFE2C69EC9D004CB285 /* SearchResultsViewController.swift */; };
		7590C0012C69FE05004CB285 /* SearchResultCell.swift in Sources */ = {isa = PBXBuildFile; fileRef = 7590C0002C69FE05004CB285 /* SearchResultCell.swift */; };
		CEE29B8A2C69950900D82571 /* ScheduleViewModel.swift in Sources */ = {isa = PBXBuildFile; fileRef = CEE29B892C69950900D82571 /* ScheduleViewModel.swift */; };
		CEE29B912C69A22E00D82571 /* ExerciseViewModel.swift in Sources */ = {isa = PBXBuildFile; fileRef = CEE29B902C69A22E00D82571 /* ExerciseViewModel.swift */; };
		CEE29B952C69A90B00D82571 /* RealmManager.swift in Sources */ = {isa = PBXBuildFile; fileRef = CEE29B942C69A90B00D82571 /* RealmManager.swift */; };
		CEE29BA02C69DCE000D82571 /* ExercisesListCell.swift in Sources */ = {isa = PBXBuildFile; fileRef = CEE29B9F2C69DCE000D82571 /* ExercisesListCell.swift */; };
		CEE29BA22C69F65400D82571 /* CustomBodyPartLabel.swift in Sources */ = {isa = PBXBuildFile; fileRef = CEE29BA12C69F65400D82571 /* CustomBodyPartLabel.swift */; };
		CEE29BA42C6A01F100D82571 /* TempViewController.swift in Sources */ = {isa = PBXBuildFile; fileRef = CEE29BA32C6A01F100D82571 /* TempViewController.swift */; };
		CEE8BC392C65ACAF00E1D94F /* RealmSwift in Frameworks */ = {isa = PBXBuildFile; productRef = CEE8BC382C65ACAF00E1D94F /* RealmSwift */; };
		CEE8BC3B2C65ACD300E1D94F /* BodyPart.swift in Sources */ = {isa = PBXBuildFile; fileRef = CEE8BC3A2C65ACD300E1D94F /* BodyPart.swift */; };
		CEE8BC622C65B1B800E1D94F /* Exercise.swift in Sources */ = {isa = PBXBuildFile; fileRef = CEE8BC612C65B1B800E1D94F /* Exercise.swift */; };
		CEE8BC642C65B25B00E1D94F /* Routine.swift in Sources */ = {isa = PBXBuildFile; fileRef = CEE8BC632C65B25B00E1D94F /* Routine.swift */; };
		CEE8BC662C65B3EB00E1D94F /* Schedule.swift in Sources */ = {isa = PBXBuildFile; fileRef = CEE8BC652C65B3EB00E1D94F /* Schedule.swift */; };
		CEE8BC682C65B43500E1D94F /* Report.swift in Sources */ = {isa = PBXBuildFile; fileRef = CEE8BC672C65B43500E1D94F /* Report.swift */; };
		CEE8BC6A2C65B45100E1D94F /* InBody.swift in Sources */ = {isa = PBXBuildFile; fileRef = CEE8BC692C65B45100E1D94F /* InBody.swift */; };
/* End PBXBuildFile section */

/* Begin PBXCopyFilesBuildPhase section */
		4B89D35E2C6B21DD0094C852 /* Embed Frameworks */ = {
			isa = PBXCopyFilesBuildPhase;
			buildActionMask = 2147483647;
			dstPath = "";
			dstSubfolderSpec = 10;
			files = (
			);
			name = "Embed Frameworks";
			runOnlyForDeploymentPostprocessing = 0;
		};
/* End PBXCopyFilesBuildPhase section */

/* Begin PBXFileReference section */
		184A58A02C69ED3D009F2848 /* Pretendard-Medium.otf */ = {isa = PBXFileReference; lastKnownFileType = file; path = "Pretendard-Medium.otf"; sourceTree = "<group>"; };
		184A58A12C69ED3D009F2848 /* Pretendard-Bold.otf */ = {isa = PBXFileReference; lastKnownFileType = file; path = "Pretendard-Bold.otf"; sourceTree = "<group>"; };
		184A58A22C69ED3D009F2848 /* Pretendard-Thin.otf */ = {isa = PBXFileReference; lastKnownFileType = file; path = "Pretendard-Thin.otf"; sourceTree = "<group>"; };
		184A58A32C69ED3D009F2848 /* Pretendard-Regular.otf */ = {isa = PBXFileReference; lastKnownFileType = file; path = "Pretendard-Regular.otf"; sourceTree = "<group>"; };
		184A58A42C69ED3D009F2848 /* Pretendard-SemiBold.otf */ = {isa = PBXFileReference; lastKnownFileType = file; path = "Pretendard-SemiBold.otf"; sourceTree = "<group>"; };
		184A58A52C69ED3D009F2848 /* Pretendard-Black.otf */ = {isa = PBXFileReference; lastKnownFileType = file; path = "Pretendard-Black.otf"; sourceTree = "<group>"; };
		184A58A62C69ED3D009F2848 /* Pretendard-Light.otf */ = {isa = PBXFileReference; lastKnownFileType = file; path = "Pretendard-Light.otf"; sourceTree = "<group>"; };
		184A58A72C69ED3D009F2848 /* Pretendard-ExtraLight.otf */ = {isa = PBXFileReference; lastKnownFileType = file; path = "Pretendard-ExtraLight.otf"; sourceTree = "<group>"; };
		184A58A82C69ED3D009F2848 /* Pretendard-ExtraBold.otf */ = {isa = PBXFileReference; lastKnownFileType = file; path = "Pretendard-ExtraBold.otf"; sourceTree = "<group>"; };
		184A58B22C6A3409009F2848 /* ExercisesViewController.swift */ = {isa = PBXFileReference; fileEncoding = 4; lastKnownFileType = sourcecode.swift; path = ExercisesViewController.swift; sourceTree = "<group>"; };
		184A58B42C6A3CEA009F2848 /* ExerciseCheckCell.swift */ = {isa = PBXFileReference; fileEncoding = 4; lastKnownFileType = sourcecode.swift; path = ExerciseCheckCell.swift; sourceTree = "<group>"; };
		189401302C528B2000533E0A /* HealthLog.app */ = {isa = PBXFileReference; explicitFileType = wrapper.application; includeInIndex = 0; path = HealthLog.app; sourceTree = BUILT_PRODUCTS_DIR; };
		189401332C528B2000533E0A /* AppDelegate.swift */ = {isa = PBXFileReference; lastKnownFileType = sourcecode.swift; path = AppDelegate.swift; sourceTree = "<group>"; };
		189401352C528B2000533E0A /* SceneDelegate.swift */ = {isa = PBXFileReference; lastKnownFileType = sourcecode.swift; path = SceneDelegate.swift; sourceTree = "<group>"; };
		1894013C2C528B2100533E0A /* Assets.xcassets */ = {isa = PBXFileReference; lastKnownFileType = folder.assetcatalog; path = Assets.xcassets; sourceTree = "<group>"; };
		1894013F2C528B2100533E0A /* Base */ = {isa = PBXFileReference; lastKnownFileType = file.storyboard; name = Base; path = Base.lproj/LaunchScreen.storyboard; sourceTree = "<group>"; };
		189401412C528B2100533E0A /* Info.plist */ = {isa = PBXFileReference; lastKnownFileType = text.plist.xml; path = Info.plist; sourceTree = "<group>"; };
		4B16457A2C69E482008B09C9 /* RoutineAddNameViewController.swift */ = {isa = PBXFileReference; lastKnownFileType = sourcecode.swift; path = RoutineAddNameViewController.swift; sourceTree = "<group>"; };
		4B89D35B2C6AEBC30094C852 /* Extension+UINavigationController.swift */ = {isa = PBXFileReference; lastKnownFileType = sourcecode.swift; name = "Extension+UINavigationController.swift"; path = "HealthLog/Extension+UINavigationController.swift"; sourceTree = SOURCE_ROOT; };
		4B89D35F2C6B27110094C852 /* Extension+UIFont.swift */ = {isa = PBXFileReference; lastKnownFileType = sourcecode.swift; path = "Extension+UIFont.swift"; sourceTree = "<group>"; };
		4B89D3612C6B35AE0094C852 /* RoutineAddExerciseViewController.swift */ = {isa = PBXFileReference; lastKnownFileType = sourcecode.swift; path = RoutineAddExerciseViewController.swift; sourceTree = "<group>"; };
		7566B3202C69AC9800BDF142 /* AddScheduleViewController.swift */ = {isa = PBXFileReference; lastKnownFileType = sourcecode.swift; path = AddScheduleViewController.swift; sourceTree = "<group>"; };
		7566B3222C69C4E300BDF142 /* RoutinesViewController.swift */ = {isa = PBXFileReference; fileEncoding = 4; lastKnownFileType = sourcecode.swift; path = RoutinesViewController.swift; sourceTree = "<group>"; };
		7566B3232C69C4E300BDF142 /* ReportsViewController.swift */ = {isa = PBXFileReference; fileEncoding = 4; lastKnownFileType = sourcecode.swift; path = ReportsViewController.swift; sourceTree = "<group>"; };
		7566B3252C69C4E300BDF142 /* ScheduleViewController.swift */ = {isa = PBXFileReference; fileEncoding = 4; lastKnownFileType = sourcecode.swift; path = ScheduleViewController.swift; sourceTree = "<group>"; };
		7590BFFE2C69EC9D004CB285 /* SearchResultsViewController.swift */ = {isa = PBXFileReference; lastKnownFileType = sourcecode.swift; path = SearchResultsViewController.swift; sourceTree = "<group>"; };
		7590C0002C69FE05004CB285 /* SearchResultCell.swift */ = {isa = PBXFileReference; lastKnownFileType = sourcecode.swift; path = SearchResultCell.swift; sourceTree = "<group>"; };
		CEE29B892C69950900D82571 /* ScheduleViewModel.swift */ = {isa = PBXFileReference; lastKnownFileType = sourcecode.swift; path = ScheduleViewModel.swift; sourceTree = "<group>"; };
		CEE29B902C69A22E00D82571 /* ExerciseViewModel.swift */ = {isa = PBXFileReference; lastKnownFileType = sourcecode.swift; path = ExerciseViewModel.swift; sourceTree = "<group>"; };
		CEE29B942C69A90B00D82571 /* RealmManager.swift */ = {isa = PBXFileReference; lastKnownFileType = sourcecode.swift; path = RealmManager.swift; sourceTree = "<group>"; };
		CEE29B9F2C69DCE000D82571 /* ExercisesListCell.swift */ = {isa = PBXFileReference; lastKnownFileType = sourcecode.swift; path = ExercisesListCell.swift; sourceTree = "<group>"; };
		CEE29BA12C69F65400D82571 /* CustomBodyPartLabel.swift */ = {isa = PBXFileReference; lastKnownFileType = sourcecode.swift; path = CustomBodyPartLabel.swift; sourceTree = "<group>"; };
		CEE29BA32C6A01F100D82571 /* TempViewController.swift */ = {isa = PBXFileReference; lastKnownFileType = sourcecode.swift; path = TempViewController.swift; sourceTree = "<group>"; };
		CEE8BC3A2C65ACD300E1D94F /* BodyPart.swift */ = {isa = PBXFileReference; lastKnownFileType = sourcecode.swift; path = BodyPart.swift; sourceTree = "<group>"; };
		CEE8BC612C65B1B800E1D94F /* Exercise.swift */ = {isa = PBXFileReference; lastKnownFileType = sourcecode.swift; path = Exercise.swift; sourceTree = "<group>"; };
		CEE8BC632C65B25B00E1D94F /* Routine.swift */ = {isa = PBXFileReference; lastKnownFileType = sourcecode.swift; path = Routine.swift; sourceTree = "<group>"; };
		CEE8BC652C65B3EB00E1D94F /* Schedule.swift */ = {isa = PBXFileReference; lastKnownFileType = sourcecode.swift; path = Schedule.swift; sourceTree = "<group>"; };
		CEE8BC672C65B43500E1D94F /* Report.swift */ = {isa = PBXFileReference; lastKnownFileType = sourcecode.swift; path = Report.swift; sourceTree = "<group>"; };
		CEE8BC692C65B45100E1D94F /* InBody.swift */ = {isa = PBXFileReference; lastKnownFileType = sourcecode.swift; path = InBody.swift; sourceTree = "<group>"; };
/* End PBXFileReference section */

/* Begin PBXFrameworksBuildPhase section */
		1894012D2C528B2000533E0A /* Frameworks */ = {
			isa = PBXFrameworksBuildPhase;
			buildActionMask = 2147483647;
			files = (
				CEE8BC392C65ACAF00E1D94F /* RealmSwift in Frameworks */,
			);
			runOnlyForDeploymentPostprocessing = 0;
		};
/* End PBXFrameworksBuildPhase section */

/* Begin PBXGroup section */
		184A589E2C69E42B009F2848 /* Reports */ = {
			isa = PBXGroup;
			children = (
				7566B3232C69C4E300BDF142 /* ReportsViewController.swift */,
			);
			path = Reports;
			sourceTree = "<group>";
		};
		184A589F2C69ECAF009F2848 /* font */ = {
			isa = PBXGroup;
			children = (
				184A58A52C69ED3D009F2848 /* Pretendard-Black.otf */,
				184A58A12C69ED3D009F2848 /* Pretendard-Bold.otf */,
				184A58A82C69ED3D009F2848 /* Pretendard-ExtraBold.otf */,
				184A58A72C69ED3D009F2848 /* Pretendard-ExtraLight.otf */,
				184A58A62C69ED3D009F2848 /* Pretendard-Light.otf */,
				184A58A02C69ED3D009F2848 /* Pretendard-Medium.otf */,
				184A58A32C69ED3D009F2848 /* Pretendard-Regular.otf */,
				184A58A42C69ED3D009F2848 /* Pretendard-SemiBold.otf */,
				184A58A22C69ED3D009F2848 /* Pretendard-Thin.otf */,
			);
			path = font;
			sourceTree = "<group>";
		};
		189401272C528B2000533E0A = {
			isa = PBXGroup;
			children = (
				189401322C528B2000533E0A /* HealthLog */,
				189401312C528B2000533E0A /* Products */,
			);
			sourceTree = "<group>";
		};
		189401312C528B2000533E0A /* Products */ = {
			isa = PBXGroup;
			children = (
				189401302C528B2000533E0A /* HealthLog.app */,
			);
			name = Products;
			sourceTree = "<group>";
		};
		189401322C528B2000533E0A /* HealthLog */ = {
			isa = PBXGroup;
			children = (
				7566B31F2C69AC8300BDF142 /* View */,
				CEE8BC6B2C65F2D500E1D94F /* ViewModel */,
				CEE8BC342C65AB2900E1D94F /* Model */,
				189401332C528B2000533E0A /* AppDelegate.swift */,
				189401352C528B2000533E0A /* SceneDelegate.swift */,
				1894013C2C528B2100533E0A /* Assets.xcassets */,
				1894013E2C528B2100533E0A /* LaunchScreen.storyboard */,
				189401412C528B2100533E0A /* Info.plist */,
				184A589F2C69ECAF009F2848 /* font */,
			);
			path = HealthLog;
			sourceTree = "<group>";
		};
		7566B31F2C69AC8300BDF142 /* View */ = {
			isa = PBXGroup;
			children = (
				CEE29BA52C6A026D00D82571 /* Temp */,
				CEE29B9E2C69D43000D82571 /* Exercise */,
				184A589E2C69E42B009F2848 /* Reports */,
				7566B32A2C69C53D00BDF142 /* Schedule */,
				7566B3222C69C4E300BDF142 /* RoutinesViewController.swift */,
				4B89D35B2C6AEBC30094C852 /* Extension+UINavigationController.swift */,
				4B89D35F2C6B27110094C852 /* Extension+UIFont.swift */,
				4B16457A2C69E482008B09C9 /* RoutineAddNameViewController.swift */,
				4B89D3612C6B35AE0094C852 /* RoutineAddExerciseViewController.swift */,
			);
			path = View;
			sourceTree = "<group>";
		};
		7566B32A2C69C53D00BDF142 /* Schedule */ = {
			isa = PBXGroup;
			children = (
				7566B3202C69AC9800BDF142 /* AddScheduleViewController.swift */,
				7566B3252C69C4E300BDF142 /* ScheduleViewController.swift */,
				184A58B42C6A3CEA009F2848 /* ExerciseCheckCell.swift */,
				7590BFFE2C69EC9D004CB285 /* SearchResultsViewController.swift */,
				7590C0002C69FE05004CB285 /* SearchResultCell.swift */,
			);
			path = Schedule;
			sourceTree = "<group>";
		};
		CEE29B9E2C69D43000D82571 /* Exercise */ = {
			isa = PBXGroup;
			children = (
				CEE29B9F2C69DCE000D82571 /* ExercisesListCell.swift */,
				CEE29BA12C69F65400D82571 /* CustomBodyPartLabel.swift */,
				184A58B22C6A3409009F2848 /* ExercisesViewController.swift */,
			);
			path = Exercise;
			sourceTree = "<group>";
		};
		CEE29BA52C6A026D00D82571 /* Temp */ = {
			isa = PBXGroup;
			children = (
				CEE29BA32C6A01F100D82571 /* TempViewController.swift */,
			);
			path = Temp;
			sourceTree = "<group>";
		};
		CEE8BC342C65AB2900E1D94F /* Model */ = {
			isa = PBXGroup;
			children = (
				CEE8BC3A2C65ACD300E1D94F /* BodyPart.swift */,
				CEE8BC612C65B1B800E1D94F /* Exercise.swift */,
				CEE8BC632C65B25B00E1D94F /* Routine.swift */,
				CEE8BC652C65B3EB00E1D94F /* Schedule.swift */,
				CEE8BC672C65B43500E1D94F /* Report.swift */,
				CEE8BC692C65B45100E1D94F /* InBody.swift */,
			);
			path = Model;
			sourceTree = "<group>";
		};
		CEE8BC6B2C65F2D500E1D94F /* ViewModel */ = {
			isa = PBXGroup;
			children = (
				CEE29B942C69A90B00D82571 /* RealmManager.swift */,
				CEE29B892C69950900D82571 /* ScheduleViewModel.swift */,
				CEE29B902C69A22E00D82571 /* ExerciseViewModel.swift */,
			);
			path = ViewModel;
			sourceTree = "<group>";
		};
/* End PBXGroup section */

/* Begin PBXNativeTarget section */
		1894012F2C528B2000533E0A /* HealthLog */ = {
			isa = PBXNativeTarget;
			buildConfigurationList = 189401442C528B2100533E0A /* Build configuration list for PBXNativeTarget "HealthLog" */;
			buildPhases = (
				1894012C2C528B2000533E0A /* Sources */,
				1894012D2C528B2000533E0A /* Frameworks */,
				1894012E2C528B2000533E0A /* Resources */,
				4B89D35E2C6B21DD0094C852 /* Embed Frameworks */,
			);
			buildRules = (
			);
			dependencies = (
			);
			name = HealthLog;
			packageProductDependencies = (
				CEE8BC382C65ACAF00E1D94F /* RealmSwift */,
			);
			productName = HealthLog;
			productReference = 189401302C528B2000533E0A /* HealthLog.app */;
			productType = "com.apple.product-type.application";
		};
/* End PBXNativeTarget section */

/* Begin PBXProject section */
		189401282C528B2000533E0A /* Project object */ = {
			isa = PBXProject;
			attributes = {
				BuildIndependentTargetsInParallel = 1;
				LastSwiftUpdateCheck = 1540;
				LastUpgradeCheck = 1540;
				TargetAttributes = {
					1894012F2C528B2000533E0A = {
						CreatedOnToolsVersion = 15.4;
					};
				};
			};
			buildConfigurationList = 1894012B2C528B2000533E0A /* Build configuration list for PBXProject "HealthLog" */;
			compatibilityVersion = "Xcode 14.0";
			developmentRegion = en;
			hasScannedForEncodings = 0;
			knownRegions = (
				en,
				Base,
			);
			mainGroup = 189401272C528B2000533E0A;
			packageReferences = (
				CEE8BC352C65ACAF00E1D94F /* XCRemoteSwiftPackageReference "realm-swift" */,
			);
			productRefGroup = 189401312C528B2000533E0A /* Products */;
			projectDirPath = "";
			projectRoot = "";
			targets = (
				1894012F2C528B2000533E0A /* HealthLog */,
			);
		};
/* End PBXProject section */

/* Begin PBXResourcesBuildPhase section */
		1894012E2C528B2000533E0A /* Resources */ = {
			isa = PBXResourcesBuildPhase;
			buildActionMask = 2147483647;
			files = (
				1894013D2C528B2100533E0A /* Assets.xcassets in Resources */,
				184A58AC2C69ED3D009F2848 /* Pretendard-Regular.otf in Resources */,
				184A58B02C69ED3D009F2848 /* Pretendard-ExtraLight.otf in Resources */,
				184A58AD2C69ED3D009F2848 /* Pretendard-SemiBold.otf in Resources */,
				184A58AB2C69ED3D009F2848 /* Pretendard-Thin.otf in Resources */,
				184A58AA2C69ED3D009F2848 /* Pretendard-Bold.otf in Resources */,
				184A58B12C69ED3D009F2848 /* Pretendard-ExtraBold.otf in Resources */,
				189401402C528B2100533E0A /* Base in Resources */,
				184A58AE2C69ED3D009F2848 /* Pretendard-Black.otf in Resources */,
				184A58A92C69ED3D009F2848 /* Pretendard-Medium.otf in Resources */,
				184A58AF2C69ED3D009F2848 /* Pretendard-Light.otf in Resources */,
			);
			runOnlyForDeploymentPostprocessing = 0;
		};
/* End PBXResourcesBuildPhase section */

/* Begin PBXSourcesBuildPhase section */
		1894012C2C528B2000533E0A /* Sources */ = {
			isa = PBXSourcesBuildPhase;
			buildActionMask = 2147483647;
			files = (
				CEE29B952C69A90B00D82571 /* RealmManager.swift in Sources */,
				7590BFFF2C69EC9D004CB285 /* SearchResultsViewController.swift in Sources */,
				184A58B52C6A3CEA009F2848 /* ExerciseCheckCell.swift in Sources */,
				CEE29B8A2C69950900D82571 /* ScheduleViewModel.swift in Sources */,
				CEE8BC622C65B1B800E1D94F /* Exercise.swift in Sources */,
				4B89D3622C6B35AE0094C852 /* RoutineAddExerciseViewController.swift in Sources */,
				4B89D3602C6B27110094C852 /* Extension+UIFont.swift in Sources */,
				CEE29BA42C6A01F100D82571 /* TempViewController.swift in Sources */,
				7566B3292C69C4E300BDF142 /* ScheduleViewController.swift in Sources */,
				CEE8BC642C65B25B00E1D94F /* Routine.swift in Sources */,
				CEE8BC682C65B43500E1D94F /* Report.swift in Sources */,
				189401342C528B2000533E0A /* AppDelegate.swift in Sources */,
				7566B3272C69C4E300BDF142 /* ReportsViewController.swift in Sources */,
				4B89D35C2C6AEBC30094C852 /* Extension+UINavigationController.swift in Sources */,
				CEE29B912C69A22E00D82571 /* ExerciseViewModel.swift in Sources */,
				189401362C528B2000533E0A /* SceneDelegate.swift in Sources */,
				CEE8BC6A2C65B45100E1D94F /* InBody.swift in Sources */,
				CEE8BC662C65B3EB00E1D94F /* Schedule.swift in Sources */,
				184A58B32C6A3409009F2848 /* ExercisesViewController.swift in Sources */,
				7566B3262C69C4E300BDF142 /* RoutinesViewController.swift in Sources */,
				7566B3212C69AC9800BDF142 /* AddScheduleViewController.swift in Sources */,
				4B16457B2C69E482008B09C9 /* RoutineAddNameViewController.swift in Sources */,
				7590C0012C69FE05004CB285 /* SearchResultCell.swift in Sources */,
				CEE29BA02C69DCE000D82571 /* ExercisesListCell.swift in Sources */,
				CEE29BA22C69F65400D82571 /* CustomBodyPartLabel.swift in Sources */,
				CEE8BC3B2C65ACD300E1D94F /* BodyPart.swift in Sources */,
			);
			runOnlyForDeploymentPostprocessing = 0;
		};
/* End PBXSourcesBuildPhase section */

/* Begin PBXVariantGroup section */
		1894013E2C528B2100533E0A /* LaunchScreen.storyboard */ = {
			isa = PBXVariantGroup;
			children = (
				1894013F2C528B2100533E0A /* Base */,
			);
			name = LaunchScreen.storyboard;
			sourceTree = "<group>";
		};
/* End PBXVariantGroup section */

/* Begin XCBuildConfiguration section */
		189401422C528B2100533E0A /* Debug */ = {
			isa = XCBuildConfiguration;
			buildSettings = {
				ALWAYS_SEARCH_USER_PATHS = NO;
				ASSETCATALOG_COMPILER_GENERATE_SWIFT_ASSET_SYMBOL_EXTENSIONS = YES;
				CLANG_ANALYZER_NONNULL = YES;
				CLANG_ANALYZER_NUMBER_OBJECT_CONVERSION = YES_AGGRESSIVE;
				CLANG_CXX_LANGUAGE_STANDARD = "gnu++20";
				CLANG_ENABLE_MODULES = YES;
				CLANG_ENABLE_OBJC_ARC = YES;
				CLANG_ENABLE_OBJC_WEAK = YES;
				CLANG_WARN_BLOCK_CAPTURE_AUTORELEASING = YES;
				CLANG_WARN_BOOL_CONVERSION = YES;
				CLANG_WARN_COMMA = YES;
				CLANG_WARN_CONSTANT_CONVERSION = YES;
				CLANG_WARN_DEPRECATED_OBJC_IMPLEMENTATIONS = YES;
				CLANG_WARN_DIRECT_OBJC_ISA_USAGE = YES_ERROR;
				CLANG_WARN_DOCUMENTATION_COMMENTS = YES;
				CLANG_WARN_EMPTY_BODY = YES;
				CLANG_WARN_ENUM_CONVERSION = YES;
				CLANG_WARN_INFINITE_RECURSION = YES;
				CLANG_WARN_INT_CONVERSION = YES;
				CLANG_WARN_NON_LITERAL_NULL_CONVERSION = YES;
				CLANG_WARN_OBJC_IMPLICIT_RETAIN_SELF = YES;
				CLANG_WARN_OBJC_LITERAL_CONVERSION = YES;
				CLANG_WARN_OBJC_ROOT_CLASS = YES_ERROR;
				CLANG_WARN_QUOTED_INCLUDE_IN_FRAMEWORK_HEADER = YES;
				CLANG_WARN_RANGE_LOOP_ANALYSIS = YES;
				CLANG_WARN_STRICT_PROTOTYPES = YES;
				CLANG_WARN_SUSPICIOUS_MOVE = YES;
				CLANG_WARN_UNGUARDED_AVAILABILITY = YES_AGGRESSIVE;
				CLANG_WARN_UNREACHABLE_CODE = YES;
				CLANG_WARN__DUPLICATE_METHOD_MATCH = YES;
				COPY_PHASE_STRIP = NO;
				DEBUG_INFORMATION_FORMAT = dwarf;
				ENABLE_STRICT_OBJC_MSGSEND = YES;
				ENABLE_TESTABILITY = YES;
				ENABLE_USER_SCRIPT_SANDBOXING = YES;
				GCC_C_LANGUAGE_STANDARD = gnu17;
				GCC_DYNAMIC_NO_PIC = NO;
				GCC_NO_COMMON_BLOCKS = YES;
				GCC_OPTIMIZATION_LEVEL = 0;
				GCC_PREPROCESSOR_DEFINITIONS = (
					"DEBUG=1",
					"$(inherited)",
				);
				GCC_WARN_64_TO_32_BIT_CONVERSION = YES;
				GCC_WARN_ABOUT_RETURN_TYPE = YES_ERROR;
				GCC_WARN_UNDECLARED_SELECTOR = YES;
				GCC_WARN_UNINITIALIZED_AUTOS = YES_AGGRESSIVE;
				GCC_WARN_UNUSED_FUNCTION = YES;
				GCC_WARN_UNUSED_VARIABLE = YES;
				IPHONEOS_DEPLOYMENT_TARGET = 17.5;
				LOCALIZATION_PREFERS_STRING_CATALOGS = YES;
				MTL_ENABLE_DEBUG_INFO = INCLUDE_SOURCE;
				MTL_FAST_MATH = YES;
				ONLY_ACTIVE_ARCH = YES;
				SDKROOT = iphoneos;
				SWIFT_ACTIVE_COMPILATION_CONDITIONS = "DEBUG $(inherited)";
				SWIFT_OPTIMIZATION_LEVEL = "-Onone";
			};
			name = Debug;
		};
		189401432C528B2100533E0A /* Release */ = {
			isa = XCBuildConfiguration;
			buildSettings = {
				ALWAYS_SEARCH_USER_PATHS = NO;
				ASSETCATALOG_COMPILER_GENERATE_SWIFT_ASSET_SYMBOL_EXTENSIONS = YES;
				CLANG_ANALYZER_NONNULL = YES;
				CLANG_ANALYZER_NUMBER_OBJECT_CONVERSION = YES_AGGRESSIVE;
				CLANG_CXX_LANGUAGE_STANDARD = "gnu++20";
				CLANG_ENABLE_MODULES = YES;
				CLANG_ENABLE_OBJC_ARC = YES;
				CLANG_ENABLE_OBJC_WEAK = YES;
				CLANG_WARN_BLOCK_CAPTURE_AUTORELEASING = YES;
				CLANG_WARN_BOOL_CONVERSION = YES;
				CLANG_WARN_COMMA = YES;
				CLANG_WARN_CONSTANT_CONVERSION = YES;
				CLANG_WARN_DEPRECATED_OBJC_IMPLEMENTATIONS = YES;
				CLANG_WARN_DIRECT_OBJC_ISA_USAGE = YES_ERROR;
				CLANG_WARN_DOCUMENTATION_COMMENTS = YES;
				CLANG_WARN_EMPTY_BODY = YES;
				CLANG_WARN_ENUM_CONVERSION = YES;
				CLANG_WARN_INFINITE_RECURSION = YES;
				CLANG_WARN_INT_CONVERSION = YES;
				CLANG_WARN_NON_LITERAL_NULL_CONVERSION = YES;
				CLANG_WARN_OBJC_IMPLICIT_RETAIN_SELF = YES;
				CLANG_WARN_OBJC_LITERAL_CONVERSION = YES;
				CLANG_WARN_OBJC_ROOT_CLASS = YES_ERROR;
				CLANG_WARN_QUOTED_INCLUDE_IN_FRAMEWORK_HEADER = YES;
				CLANG_WARN_RANGE_LOOP_ANALYSIS = YES;
				CLANG_WARN_STRICT_PROTOTYPES = YES;
				CLANG_WARN_SUSPICIOUS_MOVE = YES;
				CLANG_WARN_UNGUARDED_AVAILABILITY = YES_AGGRESSIVE;
				CLANG_WARN_UNREACHABLE_CODE = YES;
				CLANG_WARN__DUPLICATE_METHOD_MATCH = YES;
				COPY_PHASE_STRIP = NO;
				DEBUG_INFORMATION_FORMAT = "dwarf-with-dsym";
				ENABLE_NS_ASSERTIONS = NO;
				ENABLE_STRICT_OBJC_MSGSEND = YES;
				ENABLE_USER_SCRIPT_SANDBOXING = YES;
				GCC_C_LANGUAGE_STANDARD = gnu17;
				GCC_NO_COMMON_BLOCKS = YES;
				GCC_WARN_64_TO_32_BIT_CONVERSION = YES;
				GCC_WARN_ABOUT_RETURN_TYPE = YES_ERROR;
				GCC_WARN_UNDECLARED_SELECTOR = YES;
				GCC_WARN_UNINITIALIZED_AUTOS = YES_AGGRESSIVE;
				GCC_WARN_UNUSED_FUNCTION = YES;
				GCC_WARN_UNUSED_VARIABLE = YES;
				IPHONEOS_DEPLOYMENT_TARGET = 17.5;
				LOCALIZATION_PREFERS_STRING_CATALOGS = YES;
				MTL_ENABLE_DEBUG_INFO = NO;
				MTL_FAST_MATH = YES;
				SDKROOT = iphoneos;
				SWIFT_COMPILATION_MODE = wholemodule;
				VALIDATE_PRODUCT = YES;
			};
			name = Release;
		};
		189401452C528B2100533E0A /* Debug */ = {
			isa = XCBuildConfiguration;
			buildSettings = {
				ASSETCATALOG_COMPILER_APPICON_NAME = AppIcon;
				ASSETCATALOG_COMPILER_GLOBAL_ACCENT_COLOR_NAME = AccentColor;
				CODE_SIGN_STYLE = Automatic;
				CURRENT_PROJECT_VERSION = 1;
				DEVELOPMENT_TEAM = 39626F6B8U;
				GENERATE_INFOPLIST_FILE = YES;
				INFOPLIST_FILE = HealthLog/Info.plist;
				INFOPLIST_KEY_UIApplicationSupportsIndirectInputEvents = YES;
				INFOPLIST_KEY_UILaunchStoryboardName = LaunchScreen;
				INFOPLIST_KEY_UISupportedInterfaceOrientations_iPad = "UIInterfaceOrientationPortrait UIInterfaceOrientationPortraitUpsideDown UIInterfaceOrientationLandscapeLeft UIInterfaceOrientationLandscapeRight";
				INFOPLIST_KEY_UISupportedInterfaceOrientations_iPhone = "UIInterfaceOrientationPortrait UIInterfaceOrientationLandscapeLeft UIInterfaceOrientationLandscapeRight";
				IPHONEOS_DEPLOYMENT_TARGET = 16.0;
				LD_RUNPATH_SEARCH_PATHS = (
					"$(inherited)",
					"@executable_path/Frameworks",
				);
				MARKETING_VERSION = 1.0;
				PRODUCT_BUNDLE_IDENTIFIER = com.jaesuneo.HealthLog;
				PRODUCT_NAME = "$(TARGET_NAME)";
				SUPPORTED_PLATFORMS = "iphoneos iphonesimulator";
				SUPPORTS_MACCATALYST = NO;
				SUPPORTS_MAC_DESIGNED_FOR_IPHONE_IPAD = NO;
				SUPPORTS_XR_DESIGNED_FOR_IPHONE_IPAD = NO;
				SWIFT_EMIT_LOC_STRINGS = YES;
				SWIFT_VERSION = 5.0;
				TARGETED_DEVICE_FAMILY = "1,2";
			};
			name = Debug;
		};
		189401462C528B2100533E0A /* Release */ = {
			isa = XCBuildConfiguration;
			buildSettings = {
				ASSETCATALOG_COMPILER_APPICON_NAME = AppIcon;
				ASSETCATALOG_COMPILER_GLOBAL_ACCENT_COLOR_NAME = AccentColor;
				CODE_SIGN_STYLE = Automatic;
				CURRENT_PROJECT_VERSION = 1;
				DEVELOPMENT_TEAM = 39626F6B8U;
				GENERATE_INFOPLIST_FILE = YES;
				INFOPLIST_FILE = HealthLog/Info.plist;
				INFOPLIST_KEY_UIApplicationSupportsIndirectInputEvents = YES;
				INFOPLIST_KEY_UILaunchStoryboardName = LaunchScreen;
				INFOPLIST_KEY_UISupportedInterfaceOrientations_iPad = "UIInterfaceOrientationPortrait UIInterfaceOrientationPortraitUpsideDown UIInterfaceOrientationLandscapeLeft UIInterfaceOrientationLandscapeRight";
				INFOPLIST_KEY_UISupportedInterfaceOrientations_iPhone = "UIInterfaceOrientationPortrait UIInterfaceOrientationLandscapeLeft UIInterfaceOrientationLandscapeRight";
				IPHONEOS_DEPLOYMENT_TARGET = 16.0;
				LD_RUNPATH_SEARCH_PATHS = (
					"$(inherited)",
					"@executable_path/Frameworks",
				);
				MARKETING_VERSION = 1.0;
				PRODUCT_BUNDLE_IDENTIFIER = com.jaesuneo.HealthLog;
				PRODUCT_NAME = "$(TARGET_NAME)";
				SUPPORTED_PLATFORMS = "iphoneos iphonesimulator";
				SUPPORTS_MACCATALYST = NO;
				SUPPORTS_MAC_DESIGNED_FOR_IPHONE_IPAD = NO;
				SUPPORTS_XR_DESIGNED_FOR_IPHONE_IPAD = NO;
				SWIFT_EMIT_LOC_STRINGS = YES;
				SWIFT_VERSION = 5.0;
				TARGETED_DEVICE_FAMILY = "1,2";
			};
			name = Release;
		};
/* End XCBuildConfiguration section */

/* Begin XCConfigurationList section */
		1894012B2C528B2000533E0A /* Build configuration list for PBXProject "HealthLog" */ = {
			isa = XCConfigurationList;
			buildConfigurations = (
				189401422C528B2100533E0A /* Debug */,
				189401432C528B2100533E0A /* Release */,
			);
			defaultConfigurationIsVisible = 0;
			defaultConfigurationName = Release;
		};
		189401442C528B2100533E0A /* Build configuration list for PBXNativeTarget "HealthLog" */ = {
			isa = XCConfigurationList;
			buildConfigurations = (
				189401452C528B2100533E0A /* Debug */,
				189401462C528B2100533E0A /* Release */,
			);
			defaultConfigurationIsVisible = 0;
			defaultConfigurationName = Release;
		};
/* End XCConfigurationList section */

/* Begin XCRemoteSwiftPackageReference section */
		CEE8BC352C65ACAF00E1D94F /* XCRemoteSwiftPackageReference "realm-swift" */ = {
			isa = XCRemoteSwiftPackageReference;
			repositoryURL = "https://github.com/realm/realm-swift.git";
			requirement = {
				branch = master;
				kind = branch;
			};
		};
/* End XCRemoteSwiftPackageReference section */

/* Begin XCSwiftPackageProductDependency section */
		CEE8BC382C65ACAF00E1D94F /* RealmSwift */ = {
			isa = XCSwiftPackageProductDependency;
			package = CEE8BC352C65ACAF00E1D94F /* XCRemoteSwiftPackageReference "realm-swift" */;
			productName = RealmSwift;
		};
/* End XCSwiftPackageProductDependency section */
	};
	rootObject = 189401282C528B2000533E0A /* Project object */;
}
